<?xml version="1.0" encoding="UTF-8"?>
<!DOCTYPE plist PUBLIC "-//Apple//DTD PLIST 1.0//EN" "http://www.apple.com/DTDs/PropertyList-1.0.dtd">
<plist version="1.0">
<dict>
	<key>archiveVersion</key>
	<string>1</string>
	<key>classes</key>
	<dict/>
	<key>objectVersion</key>
	<string>46</string>
	<key>objects</key>
	<dict>
		<key>112C322FA477B2555013D40D</key>
		<dict>
			<key>includeInIndex</key>
			<string>1</string>
			<key>isa</key>
			<string>PBXFileReference</string>
			<key>lastKnownFileType</key>
			<string>text.xcconfig</string>
			<key>name</key>
			<string>Pods.release.xcconfig</string>
			<key>path</key>
			<string>Pods/Target Support Files/Pods/Pods.release.xcconfig</string>
			<key>sourceTree</key>
			<string>&lt;group&gt;</string>
		</dict>
		<key>4602B3331CE4099A009205CF</key>
		<dict>
			<key>fileEncoding</key>
			<string>4</string>
			<key>isa</key>
			<string>PBXFileReference</string>
			<key>lastKnownFileType</key>
			<string>sourcecode.c.h</string>
			<key>path</key>
			<string>PBImageScrollView.h</string>
			<key>sourceTree</key>
			<string>&lt;group&gt;</string>
		</dict>
		<key>4602B3341CE4099A009205CF</key>
		<dict>
			<key>fileEncoding</key>
			<string>4</string>
			<key>isa</key>
			<string>PBXFileReference</string>
			<key>lastKnownFileType</key>
			<string>sourcecode.c.objc</string>
			<key>path</key>
			<string>PBImageScrollView.m</string>
			<key>sourceTree</key>
			<string>&lt;group&gt;</string>
		</dict>
		<key>4602B3351CE4099A009205CF</key>
		<dict>
			<key>fileRef</key>
			<string>4602B3331CE4099A009205CF</string>
			<key>isa</key>
			<string>PBXBuildFile</string>
		</dict>
		<key>4602B3361CE4099A009205CF</key>
		<dict>
			<key>fileRef</key>
			<string>4602B3341CE4099A009205CF</string>
			<key>isa</key>
			<string>PBXBuildFile</string>
		</dict>
		<key>4620CA561CE8CFF5002F9C50</key>
		<dict>
			<key>isa</key>
			<string>PBXFileReference</string>
			<key>lastKnownFileType</key>
			<string>archive.ar</string>
			<key>name</key>
			<string>libSDWebImage.a</string>
			<key>path</key>
			<string>../../Library/Developer/Xcode/DerivedData/PhotoBrowser-acmolnnofkkavabidktknvhubmog/Build/Products/Debug-iphonesimulator/libSDWebImage.a</string>
			<key>sourceTree</key>
			<string>&lt;group&gt;</string>
		</dict>
		<key>4655F2BA1B9434D200CE5C50</key>
		<dict>
			<key>children</key>
			<array>
				<string>4655F2C61B9434D200CE5C50</string>
				<string>4655F2E51B94350800CE5C50</string>
				<string>4655F2C51B9434D200CE5C50</string>
				<string>AF4C981E78CD9210A535C97D</string>
				<string>E22BF29632B746A545115D90</string>
			</array>
			<key>isa</key>
			<string>PBXGroup</string>
			<key>sourceTree</key>
			<string>&lt;group&gt;</string>
		</dict>
		<key>4655F2BB1B9434D200CE5C50</key>
		<dict>
			<key>attributes</key>
			<dict>
				<key>LastUpgradeCheck</key>
				<string>0730</string>
				<key>ORGANIZATIONNAME</key>
				<string>Moch Xiao</string>
				<key>TargetAttributes</key>
				<dict>
					<key>4655F2C31B9434D200CE5C50</key>
					<dict>
						<key>CreatedOnToolsVersion</key>
						<string>6.4</string>
						<key>DevelopmentTeam</key>
						<string>XDN35K5RF2</string>
					</dict>
					<key>4655F2E31B94350800CE5C50</key>
					<dict>
						<key>CreatedOnToolsVersion</key>
						<string>6.4</string>
						<key>DevelopmentTeam</key>
						<string>XDN35K5RF2</string>
					</dict>
				</dict>
			</dict>
			<key>buildConfigurationList</key>
			<string>4655F2BE1B9434D200CE5C50</string>
			<key>compatibilityVersion</key>
			<string>Xcode 3.2</string>
			<key>developmentRegion</key>
			<string>English</string>
			<key>hasScannedForEncodings</key>
			<string>0</string>
			<key>isa</key>
			<string>PBXProject</string>
			<key>knownRegions</key>
			<array>
				<string>en</string>
				<string>Base</string>
			</array>
			<key>mainGroup</key>
			<string>4655F2BA1B9434D200CE5C50</string>
			<key>productRefGroup</key>
			<string>4655F2C51B9434D200CE5C50</string>
			<key>projectDirPath</key>
			<string></string>
			<key>projectReferences</key>
			<array/>
			<key>projectRoot</key>
			<string></string>
			<key>targets</key>
			<array>
				<string>4655F2C31B9434D200CE5C50</string>
				<string>4655F2E31B94350800CE5C50</string>
			</array>
		</dict>
		<key>4655F2BE1B9434D200CE5C50</key>
		<dict>
			<key>buildConfigurations</key>
			<array>
				<string>4655F2D81B9434D200CE5C50</string>
				<string>4655F2D91B9434D200CE5C50</string>
			</array>
			<key>defaultConfigurationIsVisible</key>
			<string>0</string>
			<key>defaultConfigurationName</key>
			<string>Release</string>
			<key>isa</key>
			<string>XCConfigurationList</string>
		</dict>
		<key>4655F2BF1B9434D200CE5C50</key>
		<dict>
			<key>buildActionMask</key>
			<string>2147483647</string>
			<key>files</key>
			<array>
				<string>46C193051CE8CF6400604299</string>
				<string>4602B3361CE4099A009205CF</string>
				<string>4655F3F81B943C6800CE5C50</string>
				<string>4655F3111B94355900CE5C50</string>
			</array>
			<key>isa</key>
			<string>PBXSourcesBuildPhase</string>
			<key>runOnlyForDeploymentPostprocessing</key>
			<string>0</string>
		</dict>
		<key>4655F2C01B9434D200CE5C50</key>
		<dict>
			<key>buildActionMask</key>
			<string>2147483647</string>
			<key>files</key>
			<array>
				<string>DC1CD5007840E890B4CC2F76</string>
			</array>
			<key>isa</key>
			<string>PBXFrameworksBuildPhase</string>
			<key>runOnlyForDeploymentPostprocessing</key>
			<string>0</string>
		</dict>
		<key>4655F2C11B9434D200CE5C50</key>
		<dict>
			<key>buildActionMask</key>
			<string>2147483647</string>
			<key>files</key>
			<array>
				<string>4602B3351CE4099A009205CF</string>
				<string>4655F2CA1B9434D200CE5C50</string>
				<string>46C193031CE8CF5400604299</string>
				<string>4655F3101B94355900CE5C50</string>
				<string>4655F3F71B943C6800CE5C50</string>
				<string>46C193041CE8CF5F00604299</string>
			</array>
			<key>isa</key>
			<string>PBXHeadersBuildPhase</string>
			<key>runOnlyForDeploymentPostprocessing</key>
			<string>0</string>
		</dict>
		<key>4655F2C21B9434D200CE5C50</key>
		<dict>
			<key>buildActionMask</key>
			<string>2147483647</string>
			<key>files</key>
			<array/>
			<key>isa</key>
			<string>PBXResourcesBuildPhase</string>
			<key>runOnlyForDeploymentPostprocessing</key>
			<string>0</string>
		</dict>
		<key>4655F2C31B9434D200CE5C50</key>
		<dict>
			<key>buildConfigurationList</key>
			<string>4655F2DA1B9434D200CE5C50</string>
			<key>buildPhases</key>
			<array>
				<string>B50426C47429A85A00B1AD83</string>
				<string>4655F2BF1B9434D200CE5C50</string>
				<string>4655F2C01B9434D200CE5C50</string>
				<string>4655F2C11B9434D200CE5C50</string>
				<string>4655F2C21B9434D200CE5C50</string>
				<string>F8E44CCCE23A86A88E7BD15E</string>
			</array>
			<key>buildRules</key>
			<array/>
			<key>dependencies</key>
			<array/>
			<key>isa</key>
			<string>PBXNativeTarget</string>
			<key>name</key>
			<string>PhotoBrowser</string>
			<key>productName</key>
			<string>PhotoBrowser</string>
			<key>productReference</key>
			<string>4655F2C41B9434D200CE5C50</string>
			<key>productType</key>
			<string>com.apple.product-type.framework</string>
		</dict>
		<key>4655F2C41B9434D200CE5C50</key>
		<dict>
			<key>explicitFileType</key>
			<string>wrapper.framework</string>
			<key>includeInIndex</key>
			<string>0</string>
			<key>isa</key>
			<string>PBXFileReference</string>
			<key>path</key>
			<string>PhotoBrowser.framework</string>
			<key>sourceTree</key>
			<string>BUILT_PRODUCTS_DIR</string>
		</dict>
		<key>4655F2C51B9434D200CE5C50</key>
		<dict>
			<key>children</key>
			<array>
				<string>4655F2C41B9434D200CE5C50</string>
				<string>4655F2E41B94350800CE5C50</string>
			</array>
			<key>isa</key>
			<string>PBXGroup</string>
			<key>name</key>
			<string>Products</string>
			<key>sourceTree</key>
			<string>&lt;group&gt;</string>
		</dict>
		<key>4655F2C61B9434D200CE5C50</key>
		<dict>
			<key>children</key>
			<array>
				<string>465F89751CE8B01800255FC9</string>
				<string>4655F2C91B9434D200CE5C50</string>
				<string>46A038551CE629F400CBC57E</string>
				<string>4602B3331CE4099A009205CF</string>
				<string>4602B3341CE4099A009205CF</string>
				<string>4655F3F51B943C6800CE5C50</string>
				<string>4655F3F61B943C6800CE5C50</string>
				<string>4655F30E1B94355900CE5C50</string>
				<string>4655F30F1B94355900CE5C50</string>
				<string>465F89711CE8A5A500255FC9</string>
				<string>465F89721CE8A5A500255FC9</string>
			</array>
			<key>isa</key>
			<string>PBXGroup</string>
			<key>path</key>
			<string>Sources</string>
			<key>sourceTree</key>
			<string>&lt;group&gt;</string>
		</dict>
		<key>4655F2C91B9434D200CE5C50</key>
		<dict>
			<key>isa</key>
			<string>PBXFileReference</string>
			<key>lastKnownFileType</key>
			<string>sourcecode.c.h</string>
			<key>path</key>
			<string>PhotoBrowser.h</string>
			<key>sourceTree</key>
			<string>&lt;group&gt;</string>
		</dict>
		<key>4655F2CA1B9434D200CE5C50</key>
		<dict>
			<key>fileRef</key>
			<string>4655F2C91B9434D200CE5C50</string>
			<key>isa</key>
			<string>PBXBuildFile</string>
			<key>settings</key>
			<dict>
				<key>ATTRIBUTES</key>
				<array>
					<string>Public</string>
				</array>
			</dict>
		</dict>
		<key>4655F2D81B9434D200CE5C50</key>
		<dict>
			<key>buildSettings</key>
			<dict>
				<key>ALWAYS_SEARCH_USER_PATHS</key>
				<string>NO</string>
				<key>CLANG_CXX_LANGUAGE_STANDARD</key>
				<string>gnu++0x</string>
				<key>CLANG_CXX_LIBRARY</key>
				<string>libc++</string>
				<key>CLANG_ENABLE_MODULES</key>
				<string>YES</string>
				<key>CLANG_ENABLE_OBJC_ARC</key>
				<string>YES</string>
				<key>CLANG_WARN_BOOL_CONVERSION</key>
				<string>YES</string>
				<key>CLANG_WARN_CONSTANT_CONVERSION</key>
				<string>YES</string>
				<key>CLANG_WARN_DIRECT_OBJC_ISA_USAGE</key>
				<string>YES_ERROR</string>
				<key>CLANG_WARN_EMPTY_BODY</key>
				<string>YES</string>
				<key>CLANG_WARN_ENUM_CONVERSION</key>
				<string>YES</string>
				<key>CLANG_WARN_INT_CONVERSION</key>
				<string>YES</string>
				<key>CLANG_WARN_OBJC_ROOT_CLASS</key>
				<string>YES_ERROR</string>
				<key>CLANG_WARN_UNREACHABLE_CODE</key>
				<string>YES</string>
				<key>CLANG_WARN__DUPLICATE_METHOD_MATCH</key>
				<string>YES</string>
				<key>CODE_SIGN_IDENTITY</key>
				<string>iPhone Developer</string>
				<key>CODE_SIGN_IDENTITY[sdk=iphoneos*]</key>
				<string>iPhone Developer</string>
				<key>COPY_PHASE_STRIP</key>
				<string>NO</string>
				<key>CURRENT_PROJECT_VERSION</key>
				<string>1</string>
				<key>DEBUG_INFORMATION_FORMAT</key>
				<string>dwarf-with-dsym</string>
				<key>ENABLE_STRICT_OBJC_MSGSEND</key>
				<string>YES</string>
				<key>ENABLE_TESTABILITY</key>
				<string>YES</string>
				<key>GCC_C_LANGUAGE_STANDARD</key>
				<string>gnu99</string>
				<key>GCC_DYNAMIC_NO_PIC</key>
				<string>NO</string>
				<key>GCC_NO_COMMON_BLOCKS</key>
				<string>YES</string>
				<key>GCC_OPTIMIZATION_LEVEL</key>
				<string>0</string>
				<key>GCC_PREPROCESSOR_DEFINITIONS</key>
				<array>
					<string>DEBUG=1</string>
					<string>$(inherited)</string>
				</array>
				<key>GCC_SYMBOLS_PRIVATE_EXTERN</key>
				<string>NO</string>
				<key>GCC_WARN_64_TO_32_BIT_CONVERSION</key>
				<string>YES</string>
				<key>GCC_WARN_ABOUT_RETURN_TYPE</key>
				<string>YES_ERROR</string>
				<key>GCC_WARN_UNDECLARED_SELECTOR</key>
				<string>YES</string>
				<key>GCC_WARN_UNINITIALIZED_AUTOS</key>
				<string>YES_AGGRESSIVE</string>
				<key>GCC_WARN_UNUSED_FUNCTION</key>
				<string>YES</string>
				<key>GCC_WARN_UNUSED_VARIABLE</key>
				<string>YES</string>
				<key>IPHONEOS_DEPLOYMENT_TARGET</key>
				<string>8.0</string>
				<key>MTL_ENABLE_DEBUG_INFO</key>
				<string>YES</string>
				<key>ONLY_ACTIVE_ARCH</key>
				<string>YES</string>
				<key>SDKROOT</key>
				<string>iphoneos</string>
				<key>TARGETED_DEVICE_FAMILY</key>
				<string>1,2</string>
				<key>VERSIONING_SYSTEM</key>
				<string>apple-generic</string>
				<key>VERSION_INFO_PREFIX</key>
				<string></string>
			</dict>
			<key>isa</key>
			<string>XCBuildConfiguration</string>
			<key>name</key>
			<string>Debug</string>
		</dict>
		<key>4655F2D91B9434D200CE5C50</key>
		<dict>
			<key>buildSettings</key>
			<dict>
				<key>ALWAYS_SEARCH_USER_PATHS</key>
				<string>NO</string>
				<key>CLANG_CXX_LANGUAGE_STANDARD</key>
				<string>gnu++0x</string>
				<key>CLANG_CXX_LIBRARY</key>
				<string>libc++</string>
				<key>CLANG_ENABLE_MODULES</key>
				<string>YES</string>
				<key>CLANG_ENABLE_OBJC_ARC</key>
				<string>YES</string>
				<key>CLANG_WARN_BOOL_CONVERSION</key>
				<string>YES</string>
				<key>CLANG_WARN_CONSTANT_CONVERSION</key>
				<string>YES</string>
				<key>CLANG_WARN_DIRECT_OBJC_ISA_USAGE</key>
				<string>YES_ERROR</string>
				<key>CLANG_WARN_EMPTY_BODY</key>
				<string>YES</string>
				<key>CLANG_WARN_ENUM_CONVERSION</key>
				<string>YES</string>
				<key>CLANG_WARN_INT_CONVERSION</key>
				<string>YES</string>
				<key>CLANG_WARN_OBJC_ROOT_CLASS</key>
				<string>YES_ERROR</string>
				<key>CLANG_WARN_UNREACHABLE_CODE</key>
				<string>YES</string>
				<key>CLANG_WARN__DUPLICATE_METHOD_MATCH</key>
				<string>YES</string>
				<key>CODE_SIGN_IDENTITY</key>
				<string>iPhone Developer</string>
				<key>CODE_SIGN_IDENTITY[sdk=iphoneos*]</key>
				<string>iPhone Developer</string>
				<key>COPY_PHASE_STRIP</key>
				<string>NO</string>
				<key>CURRENT_PROJECT_VERSION</key>
				<string>1</string>
				<key>DEBUG_INFORMATION_FORMAT</key>
				<string>dwarf-with-dsym</string>
				<key>ENABLE_NS_ASSERTIONS</key>
				<string>NO</string>
				<key>ENABLE_STRICT_OBJC_MSGSEND</key>
				<string>YES</string>
				<key>GCC_C_LANGUAGE_STANDARD</key>
				<string>gnu99</string>
				<key>GCC_NO_COMMON_BLOCKS</key>
				<string>YES</string>
				<key>GCC_WARN_64_TO_32_BIT_CONVERSION</key>
				<string>YES</string>
				<key>GCC_WARN_ABOUT_RETURN_TYPE</key>
				<string>YES_ERROR</string>
				<key>GCC_WARN_UNDECLARED_SELECTOR</key>
				<string>YES</string>
				<key>GCC_WARN_UNINITIALIZED_AUTOS</key>
				<string>YES_AGGRESSIVE</string>
				<key>GCC_WARN_UNUSED_FUNCTION</key>
				<string>YES</string>
				<key>GCC_WARN_UNUSED_VARIABLE</key>
				<string>YES</string>
				<key>IPHONEOS_DEPLOYMENT_TARGET</key>
				<string>8.0</string>
				<key>MTL_ENABLE_DEBUG_INFO</key>
				<string>NO</string>
				<key>SDKROOT</key>
				<string>iphoneos</string>
				<key>TARGETED_DEVICE_FAMILY</key>
				<string>1,2</string>
				<key>VALIDATE_PRODUCT</key>
				<string>YES</string>
				<key>VERSIONING_SYSTEM</key>
				<string>apple-generic</string>
				<key>VERSION_INFO_PREFIX</key>
				<string></string>
			</dict>
			<key>isa</key>
			<string>XCBuildConfiguration</string>
			<key>name</key>
			<string>Release</string>
		</dict>
		<key>4655F2DA1B9434D200CE5C50</key>
		<dict>
			<key>buildConfigurations</key>
			<array>
				<string>4655F2DB1B9434D200CE5C50</string>
				<string>4655F2DC1B9434D200CE5C50</string>
			</array>
			<key>defaultConfigurationIsVisible</key>
			<string>0</string>
			<key>defaultConfigurationName</key>
			<string>Release</string>
			<key>isa</key>
			<string>XCConfigurationList</string>
		</dict>
		<key>4655F2DB1B9434D200CE5C50</key>
		<dict>
			<key>baseConfigurationReference</key>
			<string>DACEF52C354DB8083E80488F</string>
			<key>buildSettings</key>
			<dict>
				<key>CODE_SIGN_IDENTITY</key>
				<string>iPhone Developer</string>
				<key>DEFINES_MODULE</key>
				<string>YES</string>
				<key>DYLIB_COMPATIBILITY_VERSION</key>
				<string>1</string>
				<key>DYLIB_CURRENT_VERSION</key>
				<string>1</string>
				<key>DYLIB_INSTALL_NAME_BASE</key>
				<string>@rpath</string>
				<key>INFOPLIST_FILE</key>
				<string>$(SRCROOT)/Sources/Info.plist</string>
				<key>INSTALL_PATH</key>
				<string>$(LOCAL_LIBRARY_DIR)/Frameworks</string>
				<key>LD_RUNPATH_SEARCH_PATHS</key>
				<string>$(inherited) @executable_path/Frameworks @loader_path/Frameworks</string>
				<key>PRODUCT_BUNDLE_IDENTIFIER</key>
				<string>com.mochxiao.PhotoBrowser</string>
				<key>PRODUCT_NAME</key>
				<string>$(TARGET_NAME)</string>
				<key>SKIP_INSTALL</key>
				<string>YES</string>
			</dict>
			<key>isa</key>
			<string>XCBuildConfiguration</string>
			<key>name</key>
			<string>Debug</string>
		</dict>
		<key>4655F2DC1B9434D200CE5C50</key>
		<dict>
			<key>baseConfigurationReference</key>
			<string>112C322FA477B2555013D40D</string>
			<key>buildSettings</key>
			<dict>
				<key>CODE_SIGN_IDENTITY</key>
				<string>iPhone Developer</string>
				<key>DEFINES_MODULE</key>
				<string>YES</string>
				<key>DYLIB_COMPATIBILITY_VERSION</key>
				<string>1</string>
				<key>DYLIB_CURRENT_VERSION</key>
				<string>1</string>
				<key>DYLIB_INSTALL_NAME_BASE</key>
				<string>@rpath</string>
				<key>INFOPLIST_FILE</key>
				<string>$(SRCROOT)/Sources/Info.plist</string>
				<key>INSTALL_PATH</key>
				<string>$(LOCAL_LIBRARY_DIR)/Frameworks</string>
				<key>LD_RUNPATH_SEARCH_PATHS</key>
				<string>$(inherited) @executable_path/Frameworks @loader_path/Frameworks</string>
				<key>PRODUCT_BUNDLE_IDENTIFIER</key>
				<string>com.mochxiao.PhotoBrowser</string>
				<key>PRODUCT_NAME</key>
				<string>$(TARGET_NAME)</string>
				<key>SKIP_INSTALL</key>
				<string>YES</string>
			</dict>
			<key>isa</key>
			<string>XCBuildConfiguration</string>
			<key>name</key>
			<string>Release</string>
		</dict>
		<key>4655F2E01B94350800CE5C50</key>
		<dict>
			<key>buildActionMask</key>
			<string>2147483647</string>
			<key>files</key>
			<array>
				<string>46A0386E1CE882E500CBC57E</string>
				<string>4655F2E91B94350800CE5C50</string>
				<string>46A038661CE882AE00CBC57E</string>
				<string>46A038751CE8831200CBC57E</string>
				<string>465F89701CE8993A00255FC9</string>
			</array>
			<key>isa</key>
			<string>PBXSourcesBuildPhase</string>
			<key>runOnlyForDeploymentPostprocessing</key>
			<string>0</string>
		</dict>
		<key>4655F2E11B94350800CE5C50</key>
		<dict>
			<key>buildActionMask</key>
			<string>2147483647</string>
			<key>files</key>
			<array>
				<string>4655F3F01B943B8700CE5C50</string>
			</array>
			<key>isa</key>
			<string>PBXFrameworksBuildPhase</string>
			<key>runOnlyForDeploymentPostprocessing</key>
			<string>0</string>
		</dict>
		<key>4655F2E21B94350800CE5C50</key>
		<dict>
			<key>buildActionMask</key>
			<string>2147483647</string>
			<key>files</key>
			<array>
				<string>46A0387B1CE8857300CBC57E</string>
				<string>46A038461CE555F300CBC57E</string>
				<string>46A038701CE882E500CBC57E</string>
				<string>46A038721CE882F500CBC57E</string>
				<string>46A038431CE555F300CBC57E</string>
				<string>46A038441CE555F300CBC57E</string>
				<string>46A038771CE8852300CBC57E</string>
				<string>46A038451CE555F300CBC57E</string>
				<string>46A0384F1CE558C500CBC57E</string>
				<string>46A0385E1CE87DC600CBC57E</string>
				<string>46A038791CE8856500CBC57E</string>
				<string>46A038611CE87DDA00CBC57E</string>
				<string>4655F2F41B94350800CE5C50</string>
			</array>
			<key>isa</key>
			<string>PBXResourcesBuildPhase</string>
			<key>runOnlyForDeploymentPostprocessing</key>
			<string>0</string>
		</dict>
		<key>4655F2E31B94350800CE5C50</key>
		<dict>
			<key>buildConfigurationList</key>
			<string>4655F3041B94350800CE5C50</string>
			<key>buildPhases</key>
			<array>
				<string>4655F2E01B94350800CE5C50</string>
				<string>4655F2E11B94350800CE5C50</string>
				<string>4655F2E21B94350800CE5C50</string>
				<string>46EA118D1CD1A2A000D2CB71</string>
			</array>
			<key>buildRules</key>
			<array/>
			<key>dependencies</key>
			<array>
				<string>46EA118C1CD1A2A000D2CB71</string>
			</array>
			<key>isa</key>
			<string>PBXNativeTarget</string>
			<key>name</key>
			<string>Example</string>
			<key>productName</key>
			<string>PhotoBrowserSample</string>
			<key>productReference</key>
			<string>4655F2E41B94350800CE5C50</string>
			<key>productType</key>
			<string>com.apple.product-type.application</string>
		</dict>
		<key>4655F2E41B94350800CE5C50</key>
		<dict>
			<key>explicitFileType</key>
			<string>wrapper.application</string>
			<key>includeInIndex</key>
			<string>0</string>
			<key>isa</key>
			<string>PBXFileReference</string>
			<key>path</key>
			<string>Example.app</string>
			<key>sourceTree</key>
			<string>BUILT_PRODUCTS_DIR</string>
		</dict>
		<key>4655F2E51B94350800CE5C50</key>
		<dict>
			<key>children</key>
			<array>
				<string>46A038671CE882BC00CBC57E</string>
				<string>46A038631CE8828D00CBC57E</string>
				<string>46A038621CE8827D00CBC57E</string>
				<string>46A0383A1CE555E200CBC57E</string>
				<string>4655F2F31B94350800CE5C50</string>
				<string>4655F2E61B94350800CE5C50</string>
			</array>
			<key>isa</key>
			<string>PBXGroup</string>
			<key>path</key>
			<string>Example</string>
			<key>sourceTree</key>
			<string>&lt;group&gt;</string>
		</dict>
		<key>4655F2E61B94350800CE5C50</key>
		<dict>
			<key>children</key>
			<array>
				<string>4655F2E71B94350800CE5C50</string>
				<string>4655F2E81B94350800CE5C50</string>
			</array>
			<key>isa</key>
			<string>PBXGroup</string>
			<key>path</key>
			<string>Supporting Files</string>
			<key>sourceTree</key>
			<string>&lt;group&gt;</string>
		</dict>
		<key>4655F2E71B94350800CE5C50</key>
		<dict>
			<key>isa</key>
			<string>PBXFileReference</string>
			<key>lastKnownFileType</key>
			<string>text.plist.xml</string>
			<key>path</key>
			<string>Info.plist</string>
			<key>sourceTree</key>
			<string>&lt;group&gt;</string>
		</dict>
		<key>4655F2E81B94350800CE5C50</key>
		<dict>
			<key>isa</key>
			<string>PBXFileReference</string>
			<key>lastKnownFileType</key>
			<string>sourcecode.c.objc</string>
			<key>path</key>
			<string>main.m</string>
			<key>sourceTree</key>
			<string>&lt;group&gt;</string>
		</dict>
		<key>4655F2E91B94350800CE5C50</key>
		<dict>
			<key>fileRef</key>
			<string>4655F2E81B94350800CE5C50</string>
			<key>isa</key>
			<string>PBXBuildFile</string>
		</dict>
		<key>4655F2F31B94350800CE5C50</key>
		<dict>
			<key>isa</key>
			<string>PBXFileReference</string>
			<key>lastKnownFileType</key>
			<string>folder.assetcatalog</string>
			<key>path</key>
			<string>Images.xcassets</string>
			<key>sourceTree</key>
			<string>&lt;group&gt;</string>
		</dict>
		<key>4655F2F41B94350800CE5C50</key>
		<dict>
			<key>fileRef</key>
			<string>4655F2F31B94350800CE5C50</string>
			<key>isa</key>
			<string>PBXBuildFile</string>
		</dict>
		<key>4655F3041B94350800CE5C50</key>
		<dict>
			<key>buildConfigurations</key>
			<array>
				<string>4655F3051B94350800CE5C50</string>
				<string>4655F3061B94350800CE5C50</string>
			</array>
			<key>defaultConfigurationIsVisible</key>
			<string>0</string>
			<key>defaultConfigurationName</key>
			<string>Release</string>
			<key>isa</key>
			<string>XCConfigurationList</string>
		</dict>
		<key>4655F3051B94350800CE5C50</key>
		<dict>
			<key>buildSettings</key>
			<dict>
				<key>ASSETCATALOG_COMPILER_APPICON_NAME</key>
				<string>AppIcon</string>
				<key>CODE_SIGN_IDENTITY</key>
				<string>iPhone Developer</string>
				<key>GCC_PREPROCESSOR_DEFINITIONS</key>
				<array>
					<string>DEBUG=1</string>
					<string>$(inherited)</string>
				</array>
				<key>INFOPLIST_FILE</key>
				<string>$(SRCROOT)/Example/Supporting Files/Info.plist</string>
				<key>LD_RUNPATH_SEARCH_PATHS</key>
				<string>$(inherited) @executable_path/Frameworks</string>
				<key>PRODUCT_BUNDLE_IDENTIFIER</key>
				<string>com.mochxiao.PhotoBrowserExample</string>
				<key>PRODUCT_NAME</key>
				<string>$(TARGET_NAME)</string>
			</dict>
			<key>isa</key>
			<string>XCBuildConfiguration</string>
			<key>name</key>
			<string>Debug</string>
		</dict>
		<key>4655F3061B94350800CE5C50</key>
		<dict>
			<key>buildSettings</key>
			<dict>
				<key>ASSETCATALOG_COMPILER_APPICON_NAME</key>
				<string>AppIcon</string>
				<key>CODE_SIGN_IDENTITY</key>
				<string>iPhone Developer</string>
				<key>INFOPLIST_FILE</key>
				<string>$(SRCROOT)/Example/Supporting Files/Info.plist</string>
				<key>LD_RUNPATH_SEARCH_PATHS</key>
				<string>$(inherited) @executable_path/Frameworks</string>
				<key>PRODUCT_BUNDLE_IDENTIFIER</key>
				<string>com.mochxiao.PhotoBrowserExample</string>
				<key>PRODUCT_NAME</key>
				<string>$(TARGET_NAME)</string>
			</dict>
			<key>isa</key>
			<string>XCBuildConfiguration</string>
			<key>name</key>
			<string>Release</string>
		</dict>
		<key>4655F30E1B94355900CE5C50</key>
		<dict>
			<key>fileEncoding</key>
			<string>4</string>
			<key>isa</key>
			<string>PBXFileReference</string>
			<key>lastKnownFileType</key>
			<string>sourcecode.c.h</string>
			<key>path</key>
			<string>PBViewController.h</string>
			<key>sourceTree</key>
			<string>&lt;group&gt;</string>
		</dict>
		<key>4655F30F1B94355900CE5C50</key>
		<dict>
			<key>fileEncoding</key>
			<string>4</string>
			<key>isa</key>
			<string>PBXFileReference</string>
			<key>lastKnownFileType</key>
			<string>sourcecode.c.objc</string>
			<key>path</key>
			<string>PBViewController.m</string>
			<key>sourceTree</key>
			<string>&lt;group&gt;</string>
		</dict>
		<key>4655F3101B94355900CE5C50</key>
		<dict>
			<key>fileRef</key>
			<string>4655F30E1B94355900CE5C50</string>
			<key>isa</key>
			<string>PBXBuildFile</string>
		</dict>
		<key>4655F3111B94355900CE5C50</key>
		<dict>
			<key>fileRef</key>
			<string>4655F30F1B94355900CE5C50</string>
			<key>isa</key>
			<string>PBXBuildFile</string>
		</dict>
		<key>4655F3F01B943B8700CE5C50</key>
		<dict>
			<key>fileRef</key>
			<string>4655F2C41B9434D200CE5C50</string>
			<key>isa</key>
			<string>PBXBuildFile</string>
		</dict>
		<key>4655F3F51B943C6800CE5C50</key>
		<dict>
			<key>fileEncoding</key>
			<string>4</string>
			<key>isa</key>
			<string>PBXFileReference</string>
			<key>lastKnownFileType</key>
			<string>sourcecode.c.h</string>
			<key>path</key>
			<string>PBImageScrollerViewController.h</string>
			<key>sourceTree</key>
			<string>&lt;group&gt;</string>
		</dict>
		<key>4655F3F61B943C6800CE5C50</key>
		<dict>
			<key>fileEncoding</key>
			<string>4</string>
			<key>isa</key>
			<string>PBXFileReference</string>
			<key>lastKnownFileType</key>
			<string>sourcecode.c.objc</string>
			<key>path</key>
			<string>PBImageScrollerViewController.m</string>
			<key>sourceTree</key>
			<string>&lt;group&gt;</string>
		</dict>
		<key>4655F3F71B943C6800CE5C50</key>
		<dict>
			<key>fileRef</key>
			<string>4655F3F51B943C6800CE5C50</string>
			<key>isa</key>
			<string>PBXBuildFile</string>
		</dict>
		<key>4655F3F81B943C6800CE5C50</key>
		<dict>
			<key>fileRef</key>
			<string>4655F3F61B943C6800CE5C50</string>
			<key>isa</key>
			<string>PBXBuildFile</string>
		</dict>
		<key>465F896E1CE8993A00255FC9</key>
		<dict>
			<key>fileEncoding</key>
			<string>4</string>
			<key>isa</key>
			<string>PBXFileReference</string>
			<key>lastKnownFileType</key>
			<string>sourcecode.c.h</string>
			<key>path</key>
			<string>RootViewController.h</string>
			<key>sourceTree</key>
			<string>&lt;group&gt;</string>
		</dict>
		<key>465F896F1CE8993A00255FC9</key>
		<dict>
			<key>fileEncoding</key>
			<string>4</string>
			<key>isa</key>
			<string>PBXFileReference</string>
			<key>lastKnownFileType</key>
			<string>sourcecode.c.objc</string>
			<key>path</key>
			<string>RootViewController.m</string>
			<key>sourceTree</key>
			<string>&lt;group&gt;</string>
		</dict>
		<key>465F89701CE8993A00255FC9</key>
		<dict>
			<key>fileRef</key>
			<string>465F896F1CE8993A00255FC9</string>
			<key>isa</key>
			<string>PBXBuildFile</string>
		</dict>
		<key>465F89711CE8A5A500255FC9</key>
		<dict>
			<key>fileEncoding</key>
			<string>4</string>
			<key>isa</key>
			<string>PBXFileReference</string>
			<key>lastKnownFileType</key>
			<string>sourcecode.c.h</string>
			<key>path</key>
			<string>UIView+PBSnapshot.h</string>
			<key>sourceTree</key>
			<string>&lt;group&gt;</string>
		</dict>
		<key>465F89721CE8A5A500255FC9</key>
		<dict>
			<key>fileEncoding</key>
			<string>4</string>
			<key>isa</key>
			<string>PBXFileReference</string>
			<key>lastKnownFileType</key>
			<string>sourcecode.c.objc</string>
			<key>path</key>
			<string>UIView+PBSnapshot.m</string>
			<key>sourceTree</key>
			<string>&lt;group&gt;</string>
		</dict>
		<key>465F89751CE8B01800255FC9</key>
		<dict>
			<key>fileEncoding</key>
			<string>4</string>
			<key>isa</key>
			<string>PBXFileReference</string>
			<key>lastKnownFileType</key>
			<string>text.plist.xml</string>
			<key>path</key>
			<string>Info.plist</string>
			<key>sourceTree</key>
			<string>&lt;group&gt;</string>
		</dict>
		<key>46A0383A1CE555E200CBC57E</key>
		<dict>
			<key>children</key>
			<array>
				<string>46A0383B1CE555F300CBC57E</string>
				<string>46A0383C1CE555F300CBC57E</string>
				<string>46A0383D1CE555F300CBC57E</string>
				<string>46A0383E1CE555F300CBC57E</string>
				<string>46A0384E1CE558C500CBC57E</string>
				<string>46A0385C1CE87DC600CBC57E</string>
				<string>46A038601CE87DDA00CBC57E</string>
				<string>46A038781CE8856500CBC57E</string>
				<string>46A0387A1CE8857300CBC57E</string>
				<string>46A038761CE8852300CBC57E</string>
			</array>
			<key>isa</key>
			<string>PBXGroup</string>
			<key>path</key>
			<string>Assets</string>
			<key>sourceTree</key>
			<string>&lt;group&gt;</string>
		</dict>
		<key>46A0383B1CE555F300CBC57E</key>
		<dict>
			<key>isa</key>
			<string>PBXFileReference</string>
			<key>lastKnownFileType</key>
			<string>image.jpeg</string>
			<key>path</key>
			<string>1.jpg</string>
			<key>sourceTree</key>
			<string>&lt;group&gt;</string>
		</dict>
		<key>46A0383C1CE555F300CBC57E</key>
		<dict>
			<key>isa</key>
			<string>PBXFileReference</string>
			<key>lastKnownFileType</key>
			<string>image.jpeg</string>
			<key>path</key>
			<string>2.jpg</string>
			<key>sourceTree</key>
			<string>&lt;group&gt;</string>
		</dict>
		<key>46A0383D1CE555F300CBC57E</key>
		<dict>
			<key>isa</key>
			<string>PBXFileReference</string>
			<key>lastKnownFileType</key>
			<string>image.jpeg</string>
			<key>path</key>
			<string>3.jpg</string>
			<key>sourceTree</key>
			<string>&lt;group&gt;</string>
		</dict>
		<key>46A0383E1CE555F300CBC57E</key>
		<dict>
			<key>isa</key>
			<string>PBXFileReference</string>
			<key>lastKnownFileType</key>
			<string>image.jpeg</string>
			<key>path</key>
			<string>4.jpg</string>
			<key>sourceTree</key>
			<string>&lt;group&gt;</string>
		</dict>
		<key>46A038431CE555F300CBC57E</key>
		<dict>
			<key>fileRef</key>
			<string>46A0383B1CE555F300CBC57E</string>
			<key>isa</key>
			<string>PBXBuildFile</string>
		</dict>
		<key>46A038441CE555F300CBC57E</key>
		<dict>
			<key>fileRef</key>
			<string>46A0383C1CE555F300CBC57E</string>
			<key>isa</key>
			<string>PBXBuildFile</string>
		</dict>
		<key>46A038451CE555F300CBC57E</key>
		<dict>
			<key>fileRef</key>
			<string>46A0383D1CE555F300CBC57E</string>
			<key>isa</key>
			<string>PBXBuildFile</string>
		</dict>
		<key>46A038461CE555F300CBC57E</key>
		<dict>
			<key>fileRef</key>
			<string>46A0383E1CE555F300CBC57E</string>
			<key>isa</key>
			<string>PBXBuildFile</string>
		</dict>
		<key>46A0384E1CE558C500CBC57E</key>
		<dict>
			<key>isa</key>
			<string>PBXFileReference</string>
			<key>lastKnownFileType</key>
			<string>image.jpeg</string>
			<key>path</key>
			<string>5.jpg</string>
			<key>sourceTree</key>
			<string>&lt;group&gt;</string>
		</dict>
		<key>46A0384F1CE558C500CBC57E</key>
		<dict>
			<key>fileRef</key>
			<string>46A0384E1CE558C500CBC57E</string>
			<key>isa</key>
			<string>PBXBuildFile</string>
		</dict>
		<key>46A038551CE629F400CBC57E</key>
		<dict>
			<key>isa</key>
			<string>PBXFileReference</string>
			<key>lastKnownFileType</key>
			<string>sourcecode.c.h</string>
			<key>path</key>
			<string>PBImageScrollView+internal.h</string>
			<key>sourceTree</key>
			<string>&lt;group&gt;</string>
		</dict>
		<key>46A0385C1CE87DC600CBC57E</key>
		<dict>
			<key>isa</key>
			<string>PBXFileReference</string>
			<key>lastKnownFileType</key>
			<string>image.jpeg</string>
			<key>path</key>
			<string>6.jpg</string>
			<key>sourceTree</key>
			<string>&lt;group&gt;</string>
		</dict>
		<key>46A0385E1CE87DC600CBC57E</key>
		<dict>
			<key>fileRef</key>
			<string>46A0385C1CE87DC600CBC57E</string>
			<key>isa</key>
			<string>PBXBuildFile</string>
		</dict>
		<key>46A038601CE87DDA00CBC57E</key>
		<dict>
			<key>isa</key>
			<string>PBXFileReference</string>
			<key>lastKnownFileType</key>
			<string>image.jpeg</string>
			<key>path</key>
			<string>7.jpg</string>
			<key>sourceTree</key>
			<string>&lt;group&gt;</string>
		</dict>
		<key>46A038611CE87DDA00CBC57E</key>
		<dict>
			<key>fileRef</key>
			<string>46A038601CE87DDA00CBC57E</string>
			<key>isa</key>
			<string>PBXBuildFile</string>
		</dict>
		<key>46A038621CE8827D00CBC57E</key>
		<dict>
			<key>children</key>
			<array>
				<string>46A038641CE882AD00CBC57E</string>
				<string>46A038651CE882AD00CBC57E</string>
			</array>
			<key>isa</key>
			<string>PBXGroup</string>
			<key>path</key>
			<string>LocalImagesExample</string>
			<key>sourceTree</key>
			<string>&lt;group&gt;</string>
		</dict>
		<key>46A038631CE8828D00CBC57E</key>
		<dict>
			<key>children</key>
			<array>
				<string>46A038731CE8831200CBC57E</string>
				<string>46A038741CE8831200CBC57E</string>
			</array>
			<key>isa</key>
			<string>PBXGroup</string>
			<key>path</key>
			<string>RemoteImagesExample</string>
			<key>sourceTree</key>
			<string>&lt;group&gt;</string>
		</dict>
		<key>46A038641CE882AD00CBC57E</key>
		<dict>
			<key>fileEncoding</key>
			<string>4</string>
			<key>isa</key>
			<string>PBXFileReference</string>
			<key>lastKnownFileType</key>
			<string>sourcecode.c.h</string>
			<key>path</key>
			<string>LocalImagesExampleViewController.h</string>
			<key>sourceTree</key>
			<string>&lt;group&gt;</string>
		</dict>
		<key>46A038651CE882AD00CBC57E</key>
		<dict>
			<key>fileEncoding</key>
			<string>4</string>
			<key>isa</key>
			<string>PBXFileReference</string>
			<key>lastKnownFileType</key>
			<string>sourcecode.c.objc</string>
			<key>path</key>
			<string>LocalImagesExampleViewController.m</string>
			<key>sourceTree</key>
			<string>&lt;group&gt;</string>
		</dict>
		<key>46A038661CE882AE00CBC57E</key>
		<dict>
			<key>fileRef</key>
			<string>46A038651CE882AD00CBC57E</string>
			<key>isa</key>
			<string>PBXBuildFile</string>
		</dict>
		<key>46A038671CE882BC00CBC57E</key>
		<dict>
			<key>children</key>
			<array>
				<string>46A038711CE882F500CBC57E</string>
				<string>46A038681CE882E500CBC57E</string>
				<string>46A038691CE882E500CBC57E</string>
				<string>46A0386D1CE882E500CBC57E</string>
				<string>465F896E1CE8993A00255FC9</string>
				<string>465F896F1CE8993A00255FC9</string>
			</array>
			<key>isa</key>
			<string>PBXGroup</string>
			<key>path</key>
			<string>Application</string>
			<key>sourceTree</key>
			<string>&lt;group&gt;</string>
		</dict>
		<key>46A038681CE882E500CBC57E</key>
		<dict>
			<key>fileEncoding</key>
			<string>4</string>
			<key>isa</key>
			<string>PBXFileReference</string>
			<key>lastKnownFileType</key>
			<string>sourcecode.c.h</string>
			<key>path</key>
			<string>AppDelegate.h</string>
			<key>sourceTree</key>
			<string>&lt;group&gt;</string>
		</dict>
		<key>46A038691CE882E500CBC57E</key>
		<dict>
			<key>fileEncoding</key>
			<string>4</string>
			<key>isa</key>
			<string>PBXFileReference</string>
			<key>lastKnownFileType</key>
			<string>sourcecode.c.objc</string>
			<key>path</key>
			<string>AppDelegate.m</string>
			<key>sourceTree</key>
			<string>&lt;group&gt;</string>
		</dict>
		<key>46A0386D1CE882E500CBC57E</key>
		<dict>
			<key>fileEncoding</key>
			<string>4</string>
			<key>isa</key>
			<string>PBXFileReference</string>
			<key>lastKnownFileType</key>
			<string>file.storyboard</string>
			<key>path</key>
			<string>Main.storyboard</string>
			<key>sourceTree</key>
			<string>&lt;group&gt;</string>
		</dict>
		<key>46A0386E1CE882E500CBC57E</key>
		<dict>
			<key>fileRef</key>
			<string>46A038691CE882E500CBC57E</string>
			<key>isa</key>
			<string>PBXBuildFile</string>
		</dict>
		<key>46A038701CE882E500CBC57E</key>
		<dict>
			<key>fileRef</key>
			<string>46A0386D1CE882E500CBC57E</string>
			<key>isa</key>
			<string>PBXBuildFile</string>
		</dict>
		<key>46A038711CE882F500CBC57E</key>
		<dict>
			<key>fileEncoding</key>
			<string>4</string>
			<key>isa</key>
			<string>PBXFileReference</string>
			<key>lastKnownFileType</key>
			<string>file.xib</string>
			<key>path</key>
			<string>LaunchScreen.xib</string>
			<key>sourceTree</key>
			<string>&lt;group&gt;</string>
		</dict>
		<key>46A038721CE882F500CBC57E</key>
		<dict>
			<key>fileRef</key>
			<string>46A038711CE882F500CBC57E</string>
			<key>isa</key>
			<string>PBXBuildFile</string>
		</dict>
		<key>46A038731CE8831200CBC57E</key>
		<dict>
			<key>fileEncoding</key>
			<string>4</string>
			<key>isa</key>
			<string>PBXFileReference</string>
			<key>lastKnownFileType</key>
			<string>sourcecode.c.h</string>
			<key>path</key>
			<string>RemoteImagesExampleViewController.h</string>
			<key>sourceTree</key>
			<string>&lt;group&gt;</string>
		</dict>
		<key>46A038741CE8831200CBC57E</key>
		<dict>
			<key>fileEncoding</key>
			<string>4</string>
			<key>isa</key>
			<string>PBXFileReference</string>
			<key>lastKnownFileType</key>
			<string>sourcecode.c.objc</string>
			<key>path</key>
			<string>RemoteImagesExampleViewController.m</string>
			<key>sourceTree</key>
			<string>&lt;group&gt;</string>
		</dict>
		<key>46A038751CE8831200CBC57E</key>
		<dict>
			<key>fileRef</key>
			<string>46A038741CE8831200CBC57E</string>
			<key>isa</key>
			<string>PBXBuildFile</string>
		</dict>
		<key>46A038761CE8852300CBC57E</key>
		<dict>
			<key>isa</key>
			<string>PBXFileReference</string>
			<key>lastKnownFileType</key>
			<string>image.jpeg</string>
			<key>path</key>
			<string>10.jpg</string>
			<key>sourceTree</key>
			<string>&lt;group&gt;</string>
		</dict>
		<key>46A038771CE8852300CBC57E</key>
		<dict>
			<key>fileRef</key>
			<string>46A038761CE8852300CBC57E</string>
			<key>isa</key>
			<string>PBXBuildFile</string>
		</dict>
		<key>46A038781CE8856500CBC57E</key>
		<dict>
			<key>isa</key>
			<string>PBXFileReference</string>
			<key>lastKnownFileType</key>
			<string>image.jpeg</string>
			<key>path</key>
			<string>8.jpg</string>
			<key>sourceTree</key>
			<string>&lt;group&gt;</string>
		</dict>
		<key>46A038791CE8856500CBC57E</key>
		<dict>
			<key>fileRef</key>
			<string>46A038781CE8856500CBC57E</string>
			<key>isa</key>
			<string>PBXBuildFile</string>
		</dict>
		<key>46A0387A1CE8857300CBC57E</key>
		<dict>
			<key>isa</key>
			<string>PBXFileReference</string>
			<key>lastKnownFileType</key>
			<string>image.jpeg</string>
			<key>path</key>
			<string>9.jpg</string>
			<key>sourceTree</key>
			<string>&lt;group&gt;</string>
		</dict>
		<key>46A0387B1CE8857300CBC57E</key>
		<dict>
			<key>fileRef</key>
			<string>46A0387A1CE8857300CBC57E</string>
			<key>isa</key>
			<string>PBXBuildFile</string>
		</dict>
		<key>46C193021CE8C98800604299</key>
		<dict>
			<key>fileRef</key>
			<string>AD5DBACC629DD637BEA7FE87</string>
			<key>isa</key>
			<string>PBXBuildFile</string>
		</dict>
		<key>46C193031CE8CF5400604299</key>
		<dict>
			<key>fileRef</key>
			<string>46A038551CE629F400CBC57E</string>
			<key>isa</key>
			<string>PBXBuildFile</string>
		</dict>
		<key>46C193041CE8CF5F00604299</key>
		<dict>
			<key>fileRef</key>
			<string>465F89711CE8A5A500255FC9</string>
			<key>isa</key>
			<string>PBXBuildFile</string>
		</dict>
		<key>46C193051CE8CF6400604299</key>
		<dict>
			<key>fileRef</key>
			<string>465F89721CE8A5A500255FC9</string>
			<key>isa</key>
			<string>PBXBuildFile</string>
		</dict>
		<key>46EA118A1CD1A2A000D2CB71</key>
		<dict>
			<key>fileRef</key>
			<string>4655F2C41B9434D200CE5C50</string>
			<key>isa</key>
			<string>PBXBuildFile</string>
			<key>settings</key>
			<dict>
				<key>ATTRIBUTES</key>
				<array>
					<string>CodeSignOnCopy</string>
					<string>RemoveHeadersOnCopy</string>
				</array>
			</dict>
		</dict>
		<key>46EA118B1CD1A2A000D2CB71</key>
		<dict>
			<key>containerPortal</key>
			<string>4655F2BB1B9434D200CE5C50</string>
			<key>isa</key>
			<string>PBXContainerItemProxy</string>
			<key>proxyType</key>
			<string>1</string>
			<key>remoteGlobalIDString</key>
			<string>4655F2C31B9434D200CE5C50</string>
			<key>remoteInfo</key>
			<string>PhotoBrowser</string>
		</dict>
		<key>46EA118C1CD1A2A000D2CB71</key>
		<dict>
			<key>isa</key>
			<string>PBXTargetDependency</string>
			<key>target</key>
			<string>4655F2C31B9434D200CE5C50</string>
			<key>targetProxy</key>
			<string>46EA118B1CD1A2A000D2CB71</string>
		</dict>
		<key>46EA118D1CD1A2A000D2CB71</key>
		<dict>
			<key>buildActionMask</key>
			<string>2147483647</string>
			<key>dstPath</key>
			<string></string>
			<key>dstSubfolderSpec</key>
			<string>10</string>
			<key>files</key>
			<array>
				<string>46C193021CE8C98800604299</string>
				<string>46EA118A1CD1A2A000D2CB71</string>
			</array>
			<key>isa</key>
			<string>PBXCopyFilesBuildPhase</string>
			<key>name</key>
			<string>Embed Frameworks</string>
			<key>runOnlyForDeploymentPostprocessing</key>
			<string>0</string>
		</dict>
		<key>668BDB6BC57DA8ECDB580656</key>
		<dict>
			<key>explicitFileType</key>
			<string>wrapper.framework</string>
			<key>includeInIndex</key>
			<string>0</string>
			<key>isa</key>
			<string>PBXFileReference</string>
			<key>path</key>
			<string>Pods.framework</string>
			<key>sourceTree</key>
			<string>BUILT_PRODUCTS_DIR</string>
		</dict>
		<key>AF4C981E78CD9210A535C97D</key>
		<dict>
			<key>children</key>
			<array>
				<string>DACEF52C354DB8083E80488F</string>
				<string>112C322FA477B2555013D40D</string>
			</array>
			<key>isa</key>
			<string>PBXGroup</string>
			<key>name</key>
			<string>Pods</string>
			<key>sourceTree</key>
			<string>&lt;group&gt;</string>
		</dict>
		<key>B50426C47429A85A00B1AD83</key>
		<dict>
			<key>buildActionMask</key>
			<string>2147483647</string>
			<key>files</key>
			<array/>
			<key>inputPaths</key>
			<array/>
			<key>isa</key>
			<string>PBXShellScriptBuildPhase</string>
			<key>name</key>
			<string>Check Pods Manifest.lock</string>
			<key>outputPaths</key>
			<array/>
			<key>runOnlyForDeploymentPostprocessing</key>
			<string>0</string>
			<key>shellPath</key>
			<string>/bin/sh</string>
			<key>shellScript</key>
			<string>diff "${PODS_ROOT}/../Podfile.lock" "${PODS_ROOT}/Manifest.lock" &gt; /dev/null
if [[ $? != 0 ]] ; then
    cat &lt;&lt; EOM
error: The sandbox is not in sync with the Podfile.lock. Run 'pod install' or update your CocoaPods installation.
EOM
    exit 1
fi
</string>
			<key>showEnvVarsInLog</key>
			<string>0</string>
		</dict>
		<key>DACEF52C354DB8083E80488F</key>
		<dict>
			<key>includeInIndex</key>
			<string>1</string>
			<key>isa</key>
			<string>PBXFileReference</string>
			<key>lastKnownFileType</key>
			<string>text.xcconfig</string>
			<key>name</key>
			<string>Pods.debug.xcconfig</string>
			<key>path</key>
			<string>Pods/Target Support Files/Pods/Pods.debug.xcconfig</string>
			<key>sourceTree</key>
			<string>&lt;group&gt;</string>
		</dict>
		<key>DC1CD5007840E890B4CC2F76</key>
		<dict>
			<key>fileRef</key>
			<string>668BDB6BC57DA8ECDB580656</string>
			<key>isa</key>
			<string>PBXBuildFile</string>
		</dict>
		<key>E22BF29632B746A545115D90</key>
		<dict>
			<key>children</key>
			<array>
				<string>4620CA561CE8CFF5002F9C50</string>
				<string>668BDB6BC57DA8ECDB580656</string>
			</array>
			<key>isa</key>
			<string>PBXGroup</string>
			<key>name</key>
			<string>Frameworks</string>
			<key>sourceTree</key>
			<string>&lt;group&gt;</string>
		</dict>
		<key>F8E44CCCE23A86A88E7BD15E</key>
		<dict>
			<key>buildActionMask</key>
			<string>2147483647</string>
			<key>files</key>
			<array/>
			<key>inputPaths</key>
			<array/>
			<key>isa</key>
			<string>PBXShellScriptBuildPhase</string>
			<key>name</key>
			<string>Copy Pods Resources</string>
			<key>outputPaths</key>
			<array/>
			<key>runOnlyForDeploymentPostprocessing</key>
			<string>0</string>
			<key>shellPath</key>
			<string>/bin/sh</string>
			<key>shellScript</key>
			<string>"${SRCROOT}/Pods/Target Support Files/Pods/Pods-resources.sh"
</string>
			<key>showEnvVarsInLog</key>
			<string>0</string>
		</dict>
	</dict>
	<key>rootObject</key>
	<string>4655F2BB1B9434D200CE5C50</string>
</dict>
</plist>
