// !$*UTF8*$!
{
	archiveVersion = 1;
	classes = {
	};
	objectVersion = 46;
	objects = {

/* Begin PBXBuildFile section */
		464879031E6B1099009BEF95 /* 12.jpg in Resources */ = {isa = PBXBuildFile; fileRef = 464879011E6B1099009BEF95 /* 12.jpg */; };
		464879041E6B1099009BEF95 /* 13.jpg in Resources */ = {isa = PBXBuildFile; fileRef = 464879021E6B1099009BEF95 /* 13.jpg */; };
		464879061E6B122D009BEF95 /* 14.jpg in Resources */ = {isa = PBXBuildFile; fileRef = 464879051E6B122D009BEF95 /* 14.jpg */; };
		464879181E6C099E009BEF95 /* little_1.jpg in Resources */ = {isa = PBXBuildFile; fileRef = 4648790A1E6C099E009BEF95 /* little_1.jpg */; };
		4648791A1E6C099E009BEF95 /* little_3.jpg in Resources */ = {isa = PBXBuildFile; fileRef = 4648790C1E6C099E009BEF95 /* little_3.jpg */; };
		4648791B1E6C099E009BEF95 /* little_4.jpg in Resources */ = {isa = PBXBuildFile; fileRef = 4648790D1E6C099E009BEF95 /* little_4.jpg */; };
		4648791D1E6C099E009BEF95 /* little_6.jpg in Resources */ = {isa = PBXBuildFile; fileRef = 4648790F1E6C099E009BEF95 /* little_6.jpg */; };
		4648791E1E6C099E009BEF95 /* little_7.jpg in Resources */ = {isa = PBXBuildFile; fileRef = 464879101E6C099E009BEF95 /* little_7.jpg */; };
		4648791F1E6C099E009BEF95 /* little_8.jpg in Resources */ = {isa = PBXBuildFile; fileRef = 464879111E6C099E009BEF95 /* little_8.jpg */; };
		464879201E6C099E009BEF95 /* little_9.jpg in Resources */ = {isa = PBXBuildFile; fileRef = 464879121E6C099E009BEF95 /* little_9.jpg */; };
		464879211E6C099E009BEF95 /* little_10.jpg in Resources */ = {isa = PBXBuildFile; fileRef = 464879131E6C099E009BEF95 /* little_10.jpg */; };
		464879221E6C099E009BEF95 /* little_11.jpg in Resources */ = {isa = PBXBuildFile; fileRef = 464879141E6C099E009BEF95 /* little_11.jpg */; };
		464879231E6C099E009BEF95 /* little_12.jpg in Resources */ = {isa = PBXBuildFile; fileRef = 464879151E6C099E009BEF95 /* little_12.jpg */; };
		4648792A1E6C0A11009BEF95 /* little_14.jpg in Resources */ = {isa = PBXBuildFile; fileRef = 464879261E6C0A11009BEF95 /* little_14.jpg */; };
		4648792B1E6C0A11009BEF95 /* little_13.jpg in Resources */ = {isa = PBXBuildFile; fileRef = 464879271E6C0A11009BEF95 /* little_13.jpg */; };
		4648792C1E6C0A11009BEF95 /* little_5.jpg in Resources */ = {isa = PBXBuildFile; fileRef = 464879281E6C0A11009BEF95 /* little_5.jpg */; };
		4648792D1E6C0A11009BEF95 /* little_2.jpg in Resources */ = {isa = PBXBuildFile; fileRef = 464879291E6C0A11009BEF95 /* little_2.jpg */; };
		464FF3DD1CEB5B390060DD84 /* PBPresentAnimatedTransitioningController.h in Headers */ = {isa = PBXBuildFile; fileRef = 464FF3DB1CEB5B390060DD84 /* PBPresentAnimatedTransitioningController.h */; };
		464FF3DE1CEB5B390060DD84 /* PBPresentAnimatedTransitioningController.m in Sources */ = {isa = PBXBuildFile; fileRef = 464FF3DC1CEB5B390060DD84 /* PBPresentAnimatedTransitioningController.m */; };
		464FF3F21CED60F50060DD84 /* 3.jpg in Resources */ = {isa = PBXBuildFile; fileRef = 464FF3EF1CED60F50060DD84 /* 3.jpg */; };
		464FF3F31CED60F50060DD84 /* 8.jpg in Resources */ = {isa = PBXBuildFile; fileRef = 464FF3F01CED60F50060DD84 /* 8.jpg */; };
		464FF3F41CED60F50060DD84 /* 9.jpg in Resources */ = {isa = PBXBuildFile; fileRef = 464FF3F11CED60F50060DD84 /* 9.jpg */; };
		4686F8401CEA2C7A00AFEA65 /* Assets.xcassets in Resources */ = {isa = PBXBuildFile; fileRef = 4686F83F1CEA2C7A00AFEA65 /* Assets.xcassets */; };
		4686F8551CEA2EC200AFEA65 /* PBImageScrollerViewController.h in Headers */ = {isa = PBXBuildFile; fileRef = 4686F84A1CEA2EC200AFEA65 /* PBImageScrollerViewController.h */; };
		4686F8561CEA2EC200AFEA65 /* PBImageScrollerViewController.m in Sources */ = {isa = PBXBuildFile; fileRef = 4686F84B1CEA2EC200AFEA65 /* PBImageScrollerViewController.m */; };
		4686F8571CEA2EC200AFEA65 /* PBImageScrollView+internal.h in Headers */ = {isa = PBXBuildFile; fileRef = 4686F84C1CEA2EC200AFEA65 /* PBImageScrollView+internal.h */; };
		4686F8581CEA2EC200AFEA65 /* PBImageScrollView.h in Headers */ = {isa = PBXBuildFile; fileRef = 4686F84D1CEA2EC200AFEA65 /* PBImageScrollView.h */; };
		4686F8591CEA2EC200AFEA65 /* PBImageScrollView.m in Sources */ = {isa = PBXBuildFile; fileRef = 4686F84E1CEA2EC200AFEA65 /* PBImageScrollView.m */; };
		4686F85A1CEA2EC200AFEA65 /* PBViewController.h in Headers */ = {isa = PBXBuildFile; fileRef = 4686F84F1CEA2EC200AFEA65 /* PBViewController.h */; };
		4686F85B1CEA2EC200AFEA65 /* PBViewController.m in Sources */ = {isa = PBXBuildFile; fileRef = 4686F8501CEA2EC200AFEA65 /* PBViewController.m */; };
		4686F85C1CEA2EC200AFEA65 /* PhotoBrowser.h in Headers */ = {isa = PBXBuildFile; fileRef = 4686F8511CEA2EC200AFEA65 /* PhotoBrowser.h */; settings = {ATTRIBUTES = (Public, ); }; };
		4686F85D1CEA2EC200AFEA65 /* UIView+PBSnapshot.h in Headers */ = {isa = PBXBuildFile; fileRef = 4686F8521CEA2EC200AFEA65 /* UIView+PBSnapshot.h */; };
		4686F85E1CEA2EC200AFEA65 /* UIView+PBSnapshot.m in Sources */ = {isa = PBXBuildFile; fileRef = 4686F8531CEA2EC200AFEA65 /* UIView+PBSnapshot.m */; };
		4686F86D1CEA30EF00AFEA65 /* 1.jpg in Resources */ = {isa = PBXBuildFile; fileRef = 4686F8631CEA30EF00AFEA65 /* 1.jpg */; };
		4686F86E1CEA30EF00AFEA65 /* 10.jpg in Resources */ = {isa = PBXBuildFile; fileRef = 4686F8641CEA30EF00AFEA65 /* 10.jpg */; };
		4686F86F1CEA30EF00AFEA65 /* 2.jpg in Resources */ = {isa = PBXBuildFile; fileRef = 4686F8651CEA30EF00AFEA65 /* 2.jpg */; };
		4686F8711CEA30EF00AFEA65 /* 4.jpg in Resources */ = {isa = PBXBuildFile; fileRef = 4686F8671CEA30EF00AFEA65 /* 4.jpg */; };
		4686F8721CEA30EF00AFEA65 /* 5.jpg in Resources */ = {isa = PBXBuildFile; fileRef = 4686F8681CEA30EF00AFEA65 /* 5.jpg */; };
		4686F8731CEA30EF00AFEA65 /* 6.jpg in Resources */ = {isa = PBXBuildFile; fileRef = 4686F8691CEA30EF00AFEA65 /* 6.jpg */; };
		4686F8741CEA30EF00AFEA65 /* 7.jpg in Resources */ = {isa = PBXBuildFile; fileRef = 4686F86A1CEA30EF00AFEA65 /* 7.jpg */; };
		4686F87D1CEA30FA00AFEA65 /* LocalImagesExampleViewController.m in Sources */ = {isa = PBXBuildFile; fileRef = 4686F8791CEA30FA00AFEA65 /* LocalImagesExampleViewController.m */; };
		4686F87E1CEA30FA00AFEA65 /* RemoteImagesExampleViewController.m in Sources */ = {isa = PBXBuildFile; fileRef = 4686F87C1CEA30FA00AFEA65 /* RemoteImagesExampleViewController.m */; };
		4686F8861CEA312B00AFEA65 /* AppDelegate.m in Sources */ = {isa = PBXBuildFile; fileRef = 4686F8811CEA312B00AFEA65 /* AppDelegate.m */; };
		4686F8881CEA312B00AFEA65 /* main.m in Sources */ = {isa = PBXBuildFile; fileRef = 4686F8831CEA312B00AFEA65 /* main.m */; };
		4686F8891CEA312B00AFEA65 /* RootViewController.m in Sources */ = {isa = PBXBuildFile; fileRef = 4686F8851CEA312B00AFEA65 /* RootViewController.m */; };
		4686F88C1CEA315200AFEA65 /* LaunchScreen.storyboard in Resources */ = {isa = PBXBuildFile; fileRef = 4686F88A1CEA315200AFEA65 /* LaunchScreen.storyboard */; };
		4686F88D1CEA315200AFEA65 /* Main.storyboard in Resources */ = {isa = PBXBuildFile; fileRef = 4686F88B1CEA315200AFEA65 /* Main.storyboard */; };
		4686F88E1CEA329D00AFEA65 /* PhotoBrowser.framework in Frameworks */ = {isa = PBXBuildFile; fileRef = 4686F8191CEA2C4000AFEA65 /* PhotoBrowser.framework */; };
		4686F88F1CEA329D00AFEA65 /* PhotoBrowser.framework in Embed Frameworks */ = {isa = PBXBuildFile; fileRef = 4686F8191CEA2C4000AFEA65 /* PhotoBrowser.framework */; settings = {ATTRIBUTES = (CodeSignOnCopy, RemoveHeadersOnCopy, ); }; };
		4689283F1E698A440067E5E0 /* 11.jpg in Resources */ = {isa = PBXBuildFile; fileRef = 4689283E1E698A440067E5E0 /* 11.jpg */; };
		46EA44C91EBDAACA00416710 /* 15.jpg in Resources */ = {isa = PBXBuildFile; fileRef = 46EA44C71EBDAACA00416710 /* 15.jpg */; };
		46EA44CA1EBDAACA00416710 /* little_15.jpg in Resources */ = {isa = PBXBuildFile; fileRef = 46EA44C81EBDAACA00416710 /* little_15.jpg */; };
		46FE95A01E67090D00D36D6E /* UIView+LayerImage.m in Sources */ = {isa = PBXBuildFile; fileRef = 46FE959F1E67090D00D36D6E /* UIView+LayerImage.m */; };
		688D8F2E0D2DF290D2734E5B /* Pods_Example.framework in Frameworks */ = {isa = PBXBuildFile; fileRef = 0FDBFEF6AB6111BE128F7140 /* Pods_Example.framework */; };
/* End PBXBuildFile section */

/* Begin PBXContainerItemProxy section */
		4686F8901CEA329D00AFEA65 /* PBXContainerItemProxy */ = {
			isa = PBXContainerItemProxy;
			containerPortal = 4686F8101CEA2C4000AFEA65 /* Project object */;
			proxyType = 1;
			remoteGlobalIDString = 4686F8181CEA2C4000AFEA65;
			remoteInfo = PhotoBrowser;
		};
/* End PBXContainerItemProxy section */

/* Begin PBXCopyFilesBuildPhase section */
		4686F8921CEA329D00AFEA65 /* Embed Frameworks */ = {
			isa = PBXCopyFilesBuildPhase;
			buildActionMask = 2147483647;
			dstPath = "";
			dstSubfolderSpec = 10;
			files = (
				4686F88F1CEA329D00AFEA65 /* PhotoBrowser.framework in Embed Frameworks */,
			);
			name = "Embed Frameworks";
			runOnlyForDeploymentPostprocessing = 0;
		};
/* End PBXCopyFilesBuildPhase section */

/* Begin PBXFileReference section */
		0FDBFEF6AB6111BE128F7140 /* Pods_Example.framework */ = {isa = PBXFileReference; explicitFileType = wrapper.framework; includeInIndex = 0; path = Pods_Example.framework; sourceTree = BUILT_PRODUCTS_DIR; };
		464879011E6B1099009BEF95 /* 12.jpg */ = {isa = PBXFileReference; lastKnownFileType = image.jpeg; path = 12.jpg; sourceTree = "<group>"; };
		464879021E6B1099009BEF95 /* 13.jpg */ = {isa = PBXFileReference; lastKnownFileType = image.jpeg; path = 13.jpg; sourceTree = "<group>"; };
		464879051E6B122D009BEF95 /* 14.jpg */ = {isa = PBXFileReference; lastKnownFileType = image.jpeg; path = 14.jpg; sourceTree = "<group>"; };
		4648790A1E6C099E009BEF95 /* little_1.jpg */ = {isa = PBXFileReference; lastKnownFileType = image.jpeg; path = little_1.jpg; sourceTree = "<group>"; };
		4648790C1E6C099E009BEF95 /* little_3.jpg */ = {isa = PBXFileReference; lastKnownFileType = image.jpeg; path = little_3.jpg; sourceTree = "<group>"; };
		4648790D1E6C099E009BEF95 /* little_4.jpg */ = {isa = PBXFileReference; lastKnownFileType = image.jpeg; path = little_4.jpg; sourceTree = "<group>"; };
		4648790F1E6C099E009BEF95 /* little_6.jpg */ = {isa = PBXFileReference; lastKnownFileType = image.jpeg; path = little_6.jpg; sourceTree = "<group>"; };
		464879101E6C099E009BEF95 /* little_7.jpg */ = {isa = PBXFileReference; lastKnownFileType = image.jpeg; path = little_7.jpg; sourceTree = "<group>"; };
		464879111E6C099E009BEF95 /* little_8.jpg */ = {isa = PBXFileReference; lastKnownFileType = image.jpeg; path = little_8.jpg; sourceTree = "<group>"; };
		464879121E6C099E009BEF95 /* little_9.jpg */ = {isa = PBXFileReference; lastKnownFileType = image.jpeg; path = little_9.jpg; sourceTree = "<group>"; };
		464879131E6C099E009BEF95 /* little_10.jpg */ = {isa = PBXFileReference; lastKnownFileType = image.jpeg; path = little_10.jpg; sourceTree = "<group>"; };
		464879141E6C099E009BEF95 /* little_11.jpg */ = {isa = PBXFileReference; lastKnownFileType = image.jpeg; path = little_11.jpg; sourceTree = "<group>"; };
		464879151E6C099E009BEF95 /* little_12.jpg */ = {isa = PBXFileReference; lastKnownFileType = image.jpeg; path = little_12.jpg; sourceTree = "<group>"; };
		464879261E6C0A11009BEF95 /* little_14.jpg */ = {isa = PBXFileReference; lastKnownFileType = image.jpeg; path = little_14.jpg; sourceTree = "<group>"; };
		464879271E6C0A11009BEF95 /* little_13.jpg */ = {isa = PBXFileReference; lastKnownFileType = image.jpeg; path = little_13.jpg; sourceTree = "<group>"; };
		464879281E6C0A11009BEF95 /* little_5.jpg */ = {isa = PBXFileReference; lastKnownFileType = image.jpeg; path = little_5.jpg; sourceTree = "<group>"; };
		464879291E6C0A11009BEF95 /* little_2.jpg */ = {isa = PBXFileReference; lastKnownFileType = image.jpeg; path = little_2.jpg; sourceTree = "<group>"; };
		464FF3DB1CEB5B390060DD84 /* PBPresentAnimatedTransitioningController.h */ = {isa = PBXFileReference; fileEncoding = 4; lastKnownFileType = sourcecode.c.h; path = PBPresentAnimatedTransitioningController.h; sourceTree = "<group>"; };
		464FF3DC1CEB5B390060DD84 /* PBPresentAnimatedTransitioningController.m */ = {isa = PBXFileReference; fileEncoding = 4; lastKnownFileType = sourcecode.c.objc; path = PBPresentAnimatedTransitioningController.m; sourceTree = "<group>"; };
		464FF3EF1CED60F50060DD84 /* 3.jpg */ = {isa = PBXFileReference; lastKnownFileType = image.jpeg; path = 3.jpg; sourceTree = "<group>"; };
		464FF3F01CED60F50060DD84 /* 8.jpg */ = {isa = PBXFileReference; lastKnownFileType = image.jpeg; path = 8.jpg; sourceTree = "<group>"; };
		464FF3F11CED60F50060DD84 /* 9.jpg */ = {isa = PBXFileReference; lastKnownFileType = image.jpeg; path = 9.jpg; sourceTree = "<group>"; };
		4686F8191CEA2C4000AFEA65 /* PhotoBrowser.framework */ = {isa = PBXFileReference; explicitFileType = wrapper.framework; includeInIndex = 0; path = PhotoBrowser.framework; sourceTree = BUILT_PRODUCTS_DIR; };
		4686F8311CEA2C7A00AFEA65 /* Example.app */ = {isa = PBXFileReference; explicitFileType = wrapper.application; includeInIndex = 0; path = Example.app; sourceTree = BUILT_PRODUCTS_DIR; };
		4686F83F1CEA2C7A00AFEA65 /* Assets.xcassets */ = {isa = PBXFileReference; lastKnownFileType = folder.assetcatalog; path = Assets.xcassets; sourceTree = "<group>"; };
		4686F8491CEA2EC200AFEA65 /* Info.plist */ = {isa = PBXFileReference; fileEncoding = 4; lastKnownFileType = text.plist.xml; path = Info.plist; sourceTree = "<group>"; };
		4686F84A1CEA2EC200AFEA65 /* PBImageScrollerViewController.h */ = {isa = PBXFileReference; fileEncoding = 4; lastKnownFileType = sourcecode.c.h; path = PBImageScrollerViewController.h; sourceTree = "<group>"; };
		4686F84B1CEA2EC200AFEA65 /* PBImageScrollerViewController.m */ = {isa = PBXFileReference; fileEncoding = 4; lastKnownFileType = sourcecode.c.objc; path = PBImageScrollerViewController.m; sourceTree = "<group>"; };
		4686F84C1CEA2EC200AFEA65 /* PBImageScrollView+internal.h */ = {isa = PBXFileReference; fileEncoding = 4; lastKnownFileType = sourcecode.c.h; path = "PBImageScrollView+internal.h"; sourceTree = "<group>"; };
		4686F84D1CEA2EC200AFEA65 /* PBImageScrollView.h */ = {isa = PBXFileReference; fileEncoding = 4; lastKnownFileType = sourcecode.c.h; path = PBImageScrollView.h; sourceTree = "<group>"; };
		4686F84E1CEA2EC200AFEA65 /* PBImageScrollView.m */ = {isa = PBXFileReference; fileEncoding = 4; lastKnownFileType = sourcecode.c.objc; path = PBImageScrollView.m; sourceTree = "<group>"; };
		4686F84F1CEA2EC200AFEA65 /* PBViewController.h */ = {isa = PBXFileReference; fileEncoding = 4; lastKnownFileType = sourcecode.c.h; path = PBViewController.h; sourceTree = "<group>"; };
		4686F8501CEA2EC200AFEA65 /* PBViewController.m */ = {isa = PBXFileReference; fileEncoding = 4; lastKnownFileType = sourcecode.c.objc; path = PBViewController.m; sourceTree = "<group>"; };
		4686F8511CEA2EC200AFEA65 /* PhotoBrowser.h */ = {isa = PBXFileReference; fileEncoding = 4; lastKnownFileType = sourcecode.c.h; path = PhotoBrowser.h; sourceTree = "<group>"; };
		4686F8521CEA2EC200AFEA65 /* UIView+PBSnapshot.h */ = {isa = PBXFileReference; fileEncoding = 4; lastKnownFileType = sourcecode.c.h; path = "UIView+PBSnapshot.h"; sourceTree = "<group>"; };
		4686F8531CEA2EC200AFEA65 /* UIView+PBSnapshot.m */ = {isa = PBXFileReference; fileEncoding = 4; lastKnownFileType = sourcecode.c.objc; path = "UIView+PBSnapshot.m"; sourceTree = "<group>"; };
		4686F8631CEA30EF00AFEA65 /* 1.jpg */ = {isa = PBXFileReference; lastKnownFileType = image.jpeg; path = 1.jpg; sourceTree = "<group>"; };
		4686F8641CEA30EF00AFEA65 /* 10.jpg */ = {isa = PBXFileReference; lastKnownFileType = image.jpeg; path = 10.jpg; sourceTree = "<group>"; };
		4686F8651CEA30EF00AFEA65 /* 2.jpg */ = {isa = PBXFileReference; lastKnownFileType = image.jpeg; path = 2.jpg; sourceTree = "<group>"; };
		4686F8671CEA30EF00AFEA65 /* 4.jpg */ = {isa = PBXFileReference; lastKnownFileType = image.jpeg; path = 4.jpg; sourceTree = "<group>"; };
		4686F8681CEA30EF00AFEA65 /* 5.jpg */ = {isa = PBXFileReference; lastKnownFileType = image.jpeg; path = 5.jpg; sourceTree = "<group>"; };
		4686F8691CEA30EF00AFEA65 /* 6.jpg */ = {isa = PBXFileReference; lastKnownFileType = image.jpeg; path = 6.jpg; sourceTree = "<group>"; };
		4686F86A1CEA30EF00AFEA65 /* 7.jpg */ = {isa = PBXFileReference; lastKnownFileType = image.jpeg; path = 7.jpg; sourceTree = "<group>"; };
		4686F8781CEA30FA00AFEA65 /* LocalImagesExampleViewController.h */ = {isa = PBXFileReference; fileEncoding = 4; lastKnownFileType = sourcecode.c.h; path = LocalImagesExampleViewController.h; sourceTree = "<group>"; };
		4686F8791CEA30FA00AFEA65 /* LocalImagesExampleViewController.m */ = {isa = PBXFileReference; fileEncoding = 4; lastKnownFileType = sourcecode.c.objc; path = LocalImagesExampleViewController.m; sourceTree = "<group>"; };
		4686F87B1CEA30FA00AFEA65 /* RemoteImagesExampleViewController.h */ = {isa = PBXFileReference; fileEncoding = 4; lastKnownFileType = sourcecode.c.h; path = RemoteImagesExampleViewController.h; sourceTree = "<group>"; };
		4686F87C1CEA30FA00AFEA65 /* RemoteImagesExampleViewController.m */ = {isa = PBXFileReference; fileEncoding = 4; lastKnownFileType = sourcecode.c.objc; path = RemoteImagesExampleViewController.m; sourceTree = "<group>"; };
		4686F8801CEA312B00AFEA65 /* AppDelegate.h */ = {isa = PBXFileReference; fileEncoding = 4; lastKnownFileType = sourcecode.c.h; path = AppDelegate.h; sourceTree = "<group>"; };
		4686F8811CEA312B00AFEA65 /* AppDelegate.m */ = {isa = PBXFileReference; fileEncoding = 4; lastKnownFileType = sourcecode.c.objc; path = AppDelegate.m; sourceTree = "<group>"; };
		4686F8821CEA312B00AFEA65 /* Info.plist */ = {isa = PBXFileReference; fileEncoding = 4; lastKnownFileType = text.plist.xml; path = Info.plist; sourceTree = "<group>"; };
		4686F8831CEA312B00AFEA65 /* main.m */ = {isa = PBXFileReference; fileEncoding = 4; lastKnownFileType = sourcecode.c.objc; path = main.m; sourceTree = "<group>"; };
		4686F8841CEA312B00AFEA65 /* RootViewController.h */ = {isa = PBXFileReference; fileEncoding = 4; lastKnownFileType = sourcecode.c.h; path = RootViewController.h; sourceTree = "<group>"; };
		4686F8851CEA312B00AFEA65 /* RootViewController.m */ = {isa = PBXFileReference; fileEncoding = 4; lastKnownFileType = sourcecode.c.objc; path = RootViewController.m; sourceTree = "<group>"; };
		4686F88A1CEA315200AFEA65 /* LaunchScreen.storyboard */ = {isa = PBXFileReference; fileEncoding = 4; lastKnownFileType = file.storyboard; path = LaunchScreen.storyboard; sourceTree = "<group>"; };
		4686F88B1CEA315200AFEA65 /* Main.storyboard */ = {isa = PBXFileReference; fileEncoding = 4; lastKnownFileType = file.storyboard; path = Main.storyboard; sourceTree = "<group>"; };
		4689283E1E698A440067E5E0 /* 11.jpg */ = {isa = PBXFileReference; lastKnownFileType = image.jpeg; path = 11.jpg; sourceTree = "<group>"; };
		46EA44C71EBDAACA00416710 /* 15.jpg */ = {isa = PBXFileReference; lastKnownFileType = image.jpeg; path = 15.jpg; sourceTree = "<group>"; };
		46EA44C81EBDAACA00416710 /* little_15.jpg */ = {isa = PBXFileReference; lastKnownFileType = image.jpeg; path = little_15.jpg; sourceTree = "<group>"; };
		46FE959E1E67090D00D36D6E /* UIView+LayerImage.h */ = {isa = PBXFileReference; fileEncoding = 4; lastKnownFileType = sourcecode.c.h; path = "UIView+LayerImage.h"; sourceTree = "<group>"; };
		46FE959F1E67090D00D36D6E /* UIView+LayerImage.m */ = {isa = PBXFileReference; fileEncoding = 4; lastKnownFileType = sourcecode.c.objc; path = "UIView+LayerImage.m"; sourceTree = "<group>"; };
		50F46F9330F91C01C080BDC8 /* Pods-Example.release.xcconfig */ = {isa = PBXFileReference; includeInIndex = 1; lastKnownFileType = text.xcconfig; name = "Pods-Example.release.xcconfig"; path = "Pods/Target Support Files/Pods-Example/Pods-Example.release.xcconfig"; sourceTree = "<group>"; };
		69D32124846D71E6131AAB59 /* Pods-Example.debug.xcconfig */ = {isa = PBXFileReference; includeInIndex = 1; lastKnownFileType = text.xcconfig; name = "Pods-Example.debug.xcconfig"; path = "Pods/Target Support Files/Pods-Example/Pods-Example.debug.xcconfig"; sourceTree = "<group>"; };
/* End PBXFileReference section */

/* Begin PBXFrameworksBuildPhase section */
		4686F8151CEA2C4000AFEA65 /* Frameworks */ = {
			isa = PBXFrameworksBuildPhase;
			buildActionMask = 2147483647;
			files = (
			);
			runOnlyForDeploymentPostprocessing = 0;
		};
		4686F82E1CEA2C7A00AFEA65 /* Frameworks */ = {
			isa = PBXFrameworksBuildPhase;
			buildActionMask = 2147483647;
			files = (
				4686F88E1CEA329D00AFEA65 /* PhotoBrowser.framework in Frameworks */,
				688D8F2E0D2DF290D2734E5B /* Pods_Example.framework in Frameworks */,
			);
			runOnlyForDeploymentPostprocessing = 0;
		};
/* End PBXFrameworksBuildPhase section */

/* Begin PBXGroup section */
		3D34CC32B190B0D579E9B1E6 /* Pods */ = {
			isa = PBXGroup;
			children = (
				69D32124846D71E6131AAB59 /* Pods-Example.debug.xcconfig */,
				50F46F9330F91C01C080BDC8 /* Pods-Example.release.xcconfig */,
			);
			name = Pods;
			sourceTree = "<group>";
		};
		4686F80F1CEA2C4000AFEA65 = {
			isa = PBXGroup;
			children = (
				4686F8481CEA2EC200AFEA65 /* Sources */,
				4686F8321CEA2C7A00AFEA65 /* Example */,
				4686F81A1CEA2C4000AFEA65 /* Products */,
				3D34CC32B190B0D579E9B1E6 /* Pods */,
				C08A56159CB8E42DB26E607C /* Frameworks */,
			);
			sourceTree = "<group>";
		};
		4686F81A1CEA2C4000AFEA65 /* Products */ = {
			isa = PBXGroup;
			children = (
				4686F8191CEA2C4000AFEA65 /* PhotoBrowser.framework */,
				4686F8311CEA2C7A00AFEA65 /* Example.app */,
			);
			name = Products;
			sourceTree = "<group>";
		};
		4686F8321CEA2C7A00AFEA65 /* Example */ = {
			isa = PBXGroup;
			children = (
				4686F87F1CEA312B00AFEA65 /* Application */,
				4686F8771CEA30FA00AFEA65 /* LocalImagesExample */,
				4686F87A1CEA30FA00AFEA65 /* RemoteImagesExample */,
				4686F8621CEA30EF00AFEA65 /* Assets */,
				4686F83F1CEA2C7A00AFEA65 /* Assets.xcassets */,
			);
			path = Example;
			sourceTree = "<group>";
		};
		4686F8481CEA2EC200AFEA65 /* Sources */ = {
			isa = PBXGroup;
			children = (
				4686F8491CEA2EC200AFEA65 /* Info.plist */,
				4686F8511CEA2EC200AFEA65 /* PhotoBrowser.h */,
				4686F84C1CEA2EC200AFEA65 /* PBImageScrollView+internal.h */,
				4686F84D1CEA2EC200AFEA65 /* PBImageScrollView.h */,
				4686F84E1CEA2EC200AFEA65 /* PBImageScrollView.m */,
				4686F84A1CEA2EC200AFEA65 /* PBImageScrollerViewController.h */,
				4686F84B1CEA2EC200AFEA65 /* PBImageScrollerViewController.m */,
				4686F84F1CEA2EC200AFEA65 /* PBViewController.h */,
				4686F8501CEA2EC200AFEA65 /* PBViewController.m */,
				4686F8521CEA2EC200AFEA65 /* UIView+PBSnapshot.h */,
				4686F8531CEA2EC200AFEA65 /* UIView+PBSnapshot.m */,
				464FF3DB1CEB5B390060DD84 /* PBPresentAnimatedTransitioningController.h */,
				464FF3DC1CEB5B390060DD84 /* PBPresentAnimatedTransitioningController.m */,
			);
			path = Sources;
			sourceTree = "<group>";
		};
		4686F8621CEA30EF00AFEA65 /* Assets */ = {
			isa = PBXGroup;
			children = (
				464879261E6C0A11009BEF95 /* little_14.jpg */,
				464879271E6C0A11009BEF95 /* little_13.jpg */,
				464879281E6C0A11009BEF95 /* little_5.jpg */,
				464879291E6C0A11009BEF95 /* little_2.jpg */,
				4648790A1E6C099E009BEF95 /* little_1.jpg */,
				4648790C1E6C099E009BEF95 /* little_3.jpg */,
				4648790D1E6C099E009BEF95 /* little_4.jpg */,
				4648790F1E6C099E009BEF95 /* little_6.jpg */,
				46EA44C71EBDAACA00416710 /* 15.jpg */,
				46EA44C81EBDAACA00416710 /* little_15.jpg */,
				464879101E6C099E009BEF95 /* little_7.jpg */,
				464879111E6C099E009BEF95 /* little_8.jpg */,
				464879121E6C099E009BEF95 /* little_9.jpg */,
				464879131E6C099E009BEF95 /* little_10.jpg */,
				464879141E6C099E009BEF95 /* little_11.jpg */,
				464879151E6C099E009BEF95 /* little_12.jpg */,
				464879051E6B122D009BEF95 /* 14.jpg */,
				464879011E6B1099009BEF95 /* 12.jpg */,
				464879021E6B1099009BEF95 /* 13.jpg */,
				4689283E1E698A440067E5E0 /* 11.jpg */,
				4686F8631CEA30EF00AFEA65 /* 1.jpg */,
				4686F8651CEA30EF00AFEA65 /* 2.jpg */,
				464FF3EF1CED60F50060DD84 /* 3.jpg */,
				4686F8671CEA30EF00AFEA65 /* 4.jpg */,
				4686F8681CEA30EF00AFEA65 /* 5.jpg */,
				4686F8691CEA30EF00AFEA65 /* 6.jpg */,
				4686F86A1CEA30EF00AFEA65 /* 7.jpg */,
				464FF3F01CED60F50060DD84 /* 8.jpg */,
				464FF3F11CED60F50060DD84 /* 9.jpg */,
				4686F8641CEA30EF00AFEA65 /* 10.jpg */,
			);
			path = Assets;
			sourceTree = "<group>";
		};
		4686F8771CEA30FA00AFEA65 /* LocalImagesExample */ = {
			isa = PBXGroup;
			children = (
				4686F8781CEA30FA00AFEA65 /* LocalImagesExampleViewController.h */,
				4686F8791CEA30FA00AFEA65 /* LocalImagesExampleViewController.m */,
			);
			path = LocalImagesExample;
			sourceTree = "<group>";
		};
		4686F87A1CEA30FA00AFEA65 /* RemoteImagesExample */ = {
			isa = PBXGroup;
			children = (
				4686F87B1CEA30FA00AFEA65 /* RemoteImagesExampleViewController.h */,
				4686F87C1CEA30FA00AFEA65 /* RemoteImagesExampleViewController.m */,
			);
			path = RemoteImagesExample;
			sourceTree = "<group>";
		};
		4686F87F1CEA312B00AFEA65 /* Application */ = {
			isa = PBXGroup;
			children = (
				4686F88A1CEA315200AFEA65 /* LaunchScreen.storyboard */,
				4686F88B1CEA315200AFEA65 /* Main.storyboard */,
				4686F8801CEA312B00AFEA65 /* AppDelegate.h */,
				4686F8811CEA312B00AFEA65 /* AppDelegate.m */,
				4686F8821CEA312B00AFEA65 /* Info.plist */,
				4686F8831CEA312B00AFEA65 /* main.m */,
				4686F8841CEA312B00AFEA65 /* RootViewController.h */,
				4686F8851CEA312B00AFEA65 /* RootViewController.m */,
				46FE959E1E67090D00D36D6E /* UIView+LayerImage.h */,
				46FE959F1E67090D00D36D6E /* UIView+LayerImage.m */,
			);
			path = Application;
			sourceTree = "<group>";
		};
		C08A56159CB8E42DB26E607C /* Frameworks */ = {
			isa = PBXGroup;
			children = (
				0FDBFEF6AB6111BE128F7140 /* Pods_Example.framework */,
			);
			name = Frameworks;
			sourceTree = "<group>";
		};
/* End PBXGroup section */

/* Begin PBXHeadersBuildPhase section */
		4686F8161CEA2C4000AFEA65 /* Headers */ = {
			isa = PBXHeadersBuildPhase;
			buildActionMask = 2147483647;
			files = (
				4686F85C1CEA2EC200AFEA65 /* PhotoBrowser.h in Headers */,
				4686F85A1CEA2EC200AFEA65 /* PBViewController.h in Headers */,
				4686F8581CEA2EC200AFEA65 /* PBImageScrollView.h in Headers */,
				4686F8551CEA2EC200AFEA65 /* PBImageScrollerViewController.h in Headers */,
				4686F8571CEA2EC200AFEA65 /* PBImageScrollView+internal.h in Headers */,
				4686F85D1CEA2EC200AFEA65 /* UIView+PBSnapshot.h in Headers */,
				464FF3DD1CEB5B390060DD84 /* PBPresentAnimatedTransitioningController.h in Headers */,
			);
			runOnlyForDeploymentPostprocessing = 0;
		};
/* End PBXHeadersBuildPhase section */

/* Begin PBXNativeTarget section */
		4686F8181CEA2C4000AFEA65 /* PhotoBrowser */ = {
			isa = PBXNativeTarget;
			buildConfigurationList = 4686F8211CEA2C4000AFEA65 /* Build configuration list for PBXNativeTarget "PhotoBrowser" */;
			buildPhases = (
				4686F8141CEA2C4000AFEA65 /* Sources */,
				4686F8151CEA2C4000AFEA65 /* Frameworks */,
				4686F8161CEA2C4000AFEA65 /* Headers */,
				4686F8171CEA2C4000AFEA65 /* Resources */,
			);
			buildRules = (
			);
			dependencies = (
			);
			name = PhotoBrowser;
			productName = PhotoBrowser;
			productReference = 4686F8191CEA2C4000AFEA65 /* PhotoBrowser.framework */;
			productType = "com.apple.product-type.framework";
		};
		4686F8301CEA2C7A00AFEA65 /* Example */ = {
			isa = PBXNativeTarget;
			buildConfigurationList = 4686F8451CEA2C7A00AFEA65 /* Build configuration list for PBXNativeTarget "Example" */;
			buildPhases = (
				39E6299993AFE1918518CDC2 /* Check Pods Manifest.lock */,
				4686F82D1CEA2C7A00AFEA65 /* Sources */,
				4686F82E1CEA2C7A00AFEA65 /* Frameworks */,
				4686F82F1CEA2C7A00AFEA65 /* Resources */,
				A852E9CF19A7F9D45F222DD1 /* Embed Pods Frameworks */,
				47B131481AFF66BA0673EE9A /* Copy Pods Resources */,
				4686F8921CEA329D00AFEA65 /* Embed Frameworks */,
			);
			buildRules = (
			);
			dependencies = (
				4686F8911CEA329D00AFEA65 /* PBXTargetDependency */,
			);
			name = Example;
			productName = Example;
			productReference = 4686F8311CEA2C7A00AFEA65 /* Example.app */;
			productType = "com.apple.product-type.application";
		};
/* End PBXNativeTarget section */

/* Begin PBXProject section */
		4686F8101CEA2C4000AFEA65 /* Project object */ = {
			isa = PBXProject;
			attributes = {
				LastUpgradeCheck = 0830;
				ORGANIZATIONNAME = Moch;
				TargetAttributes = {
					4686F8181CEA2C4000AFEA65 = {
						CreatedOnToolsVersion = 7.3.1;
						DevelopmentTeam = XDN35K5RF2;
						ProvisioningStyle = Automatic;
					};
					4686F8301CEA2C7A00AFEA65 = {
						CreatedOnToolsVersion = 7.3.1;
						DevelopmentTeam = XDN35K5RF2;
						ProvisioningStyle = Automatic;
					};
				};
			};
			buildConfigurationList = 4686F8131CEA2C4000AFEA65 /* Build configuration list for PBXProject "PhotoBrowser" */;
			compatibilityVersion = "Xcode 3.2";
			developmentRegion = English;
			hasScannedForEncodings = 0;
			knownRegions = (
				en,
				Base,
			);
			mainGroup = 4686F80F1CEA2C4000AFEA65;
			productRefGroup = 4686F81A1CEA2C4000AFEA65 /* Products */;
			projectDirPath = "";
			projectRoot = "";
			targets = (
				4686F8181CEA2C4000AFEA65 /* PhotoBrowser */,
				4686F8301CEA2C7A00AFEA65 /* Example */,
			);
		};
/* End PBXProject section */

/* Begin PBXResourcesBuildPhase section */
		4686F8171CEA2C4000AFEA65 /* Resources */ = {
			isa = PBXResourcesBuildPhase;
			buildActionMask = 2147483647;
			files = (
			);
			runOnlyForDeploymentPostprocessing = 0;
		};
		4686F82F1CEA2C7A00AFEA65 /* Resources */ = {
			isa = PBXResourcesBuildPhase;
			buildActionMask = 2147483647;
			files = (
				464FF3F31CED60F50060DD84 /* 8.jpg in Resources */,
				464FF3F21CED60F50060DD84 /* 3.jpg in Resources */,
				4648791B1E6C099E009BEF95 /* little_4.jpg in Resources */,
				4686F8741CEA30EF00AFEA65 /* 7.jpg in Resources */,
				4686F8711CEA30EF00AFEA65 /* 4.jpg in Resources */,
				4648792C1E6C0A11009BEF95 /* little_5.jpg in Resources */,
				464FF3F41CED60F50060DD84 /* 9.jpg in Resources */,
				4648792A1E6C0A11009BEF95 /* little_14.jpg in Resources */,
				4648792B1E6C0A11009BEF95 /* little_13.jpg in Resources */,
				464879031E6B1099009BEF95 /* 12.jpg in Resources */,
				4689283F1E698A440067E5E0 /* 11.jpg in Resources */,
				4648791D1E6C099E009BEF95 /* little_6.jpg in Resources */,
				4686F86F1CEA30EF00AFEA65 /* 2.jpg in Resources */,
				464879061E6B122D009BEF95 /* 14.jpg in Resources */,
				4686F86E1CEA30EF00AFEA65 /* 10.jpg in Resources */,
				4648792D1E6C0A11009BEF95 /* little_2.jpg in Resources */,
				46EA44CA1EBDAACA00416710 /* little_15.jpg in Resources */,
				464879041E6B1099009BEF95 /* 13.jpg in Resources */,
				464879201E6C099E009BEF95 /* little_9.jpg in Resources */,
				4648791F1E6C099E009BEF95 /* little_8.jpg in Resources */,
				4686F88D1CEA315200AFEA65 /* Main.storyboard in Resources */,
				4686F88C1CEA315200AFEA65 /* LaunchScreen.storyboard in Resources */,
				464879211E6C099E009BEF95 /* little_10.jpg in Resources */,
				4686F8721CEA30EF00AFEA65 /* 5.jpg in Resources */,
				4648791A1E6C099E009BEF95 /* little_3.jpg in Resources */,
				4686F8731CEA30EF00AFEA65 /* 6.jpg in Resources */,
				464879221E6C099E009BEF95 /* little_11.jpg in Resources */,
				464879231E6C099E009BEF95 /* little_12.jpg in Resources */,
				46EA44C91EBDAACA00416710 /* 15.jpg in Resources */,
				4686F86D1CEA30EF00AFEA65 /* 1.jpg in Resources */,
				4686F8401CEA2C7A00AFEA65 /* Assets.xcassets in Resources */,
				464879181E6C099E009BEF95 /* little_1.jpg in Resources */,
				4648791E1E6C099E009BEF95 /* little_7.jpg in Resources */,
			);
			runOnlyForDeploymentPostprocessing = 0;
		};
/* End PBXResourcesBuildPhase section */

/* Begin PBXShellScriptBuildPhase section */
		39E6299993AFE1918518CDC2 /* Check Pods Manifest.lock */ = {
			isa = PBXShellScriptBuildPhase;
			buildActionMask = 2147483647;
			files = (
			);
			inputPaths = (
			);
			name = "Check Pods Manifest.lock";
			outputPaths = (
			);
			runOnlyForDeploymentPostprocessing = 0;
			shellPath = /bin/sh;
			shellScript = "diff \"${PODS_ROOT}/../Podfile.lock\" \"${PODS_ROOT}/Manifest.lock\" > /dev/null\nif [[ $? != 0 ]] ; then\n    cat << EOM\nerror: The sandbox is not in sync with the Podfile.lock. Run 'pod install' or update your CocoaPods installation.\nEOM\n    exit 1\nfi\n";
			showEnvVarsInLog = 0;
		};
		47B131481AFF66BA0673EE9A /* Copy Pods Resources */ = {
			isa = PBXShellScriptBuildPhase;
			buildActionMask = 2147483647;
			files = (
			);
			inputPaths = (
			);
			name = "Copy Pods Resources";
			outputPaths = (
			);
			runOnlyForDeploymentPostprocessing = 0;
			shellPath = /bin/sh;
			shellScript = "\"${SRCROOT}/Pods/Target Support Files/Pods-Example/Pods-Example-resources.sh\"\n";
			showEnvVarsInLog = 0;
		};
		A852E9CF19A7F9D45F222DD1 /* Embed Pods Frameworks */ = {
			isa = PBXShellScriptBuildPhase;
			buildActionMask = 2147483647;
			files = (
			);
			inputPaths = (
			);
			name = "Embed Pods Frameworks";
			outputPaths = (
			);
			runOnlyForDeploymentPostprocessing = 0;
			shellPath = /bin/sh;
			shellScript = "\"${SRCROOT}/Pods/Target Support Files/Pods-Example/Pods-Example-frameworks.sh\"\n";
			showEnvVarsInLog = 0;
		};
/* End PBXShellScriptBuildPhase section */

/* Begin PBXSourcesBuildPhase section */
		4686F8141CEA2C4000AFEA65 /* Sources */ = {
			isa = PBXSourcesBuildPhase;
			buildActionMask = 2147483647;
			files = (
				464FF3DE1CEB5B390060DD84 /* PBPresentAnimatedTransitioningController.m in Sources */,
				4686F85E1CEA2EC200AFEA65 /* UIView+PBSnapshot.m in Sources */,
				4686F8561CEA2EC200AFEA65 /* PBImageScrollerViewController.m in Sources */,
				4686F85B1CEA2EC200AFEA65 /* PBViewController.m in Sources */,
				4686F8591CEA2EC200AFEA65 /* PBImageScrollView.m in Sources */,
			);
			runOnlyForDeploymentPostprocessing = 0;
		};
		4686F82D1CEA2C7A00AFEA65 /* Sources */ = {
			isa = PBXSourcesBuildPhase;
			buildActionMask = 2147483647;
			files = (
				4686F87D1CEA30FA00AFEA65 /* LocalImagesExampleViewController.m in Sources */,
				4686F87E1CEA30FA00AFEA65 /* RemoteImagesExampleViewController.m in Sources */,
				46FE95A01E67090D00D36D6E /* UIView+LayerImage.m in Sources */,
				4686F8881CEA312B00AFEA65 /* main.m in Sources */,
				4686F8861CEA312B00AFEA65 /* AppDelegate.m in Sources */,
				4686F8891CEA312B00AFEA65 /* RootViewController.m in Sources */,
			);
			runOnlyForDeploymentPostprocessing = 0;
		};
/* End PBXSourcesBuildPhase section */

/* Begin PBXTargetDependency section */
		4686F8911CEA329D00AFEA65 /* PBXTargetDependency */ = {
			isa = PBXTargetDependency;
			target = 4686F8181CEA2C4000AFEA65 /* PhotoBrowser */;
			targetProxy = 4686F8901CEA329D00AFEA65 /* PBXContainerItemProxy */;
		};
/* End PBXTargetDependency section */

/* Begin XCBuildConfiguration section */
		4686F81F1CEA2C4000AFEA65 /* Debug */ = {
			isa = XCBuildConfiguration;
			buildSettings = {
				ALWAYS_SEARCH_USER_PATHS = NO;
				CLANG_ANALYZER_NONNULL = YES;
				CLANG_CXX_LANGUAGE_STANDARD = "gnu++0x";
				CLANG_CXX_LIBRARY = "libc++";
				CLANG_ENABLE_MODULES = YES;
				CLANG_ENABLE_OBJC_ARC = YES;
				CLANG_WARN_BOOL_CONVERSION = YES;
				CLANG_WARN_CONSTANT_CONVERSION = YES;
				CLANG_WARN_DIRECT_OBJC_ISA_USAGE = YES_ERROR;
				CLANG_WARN_EMPTY_BODY = YES;
				CLANG_WARN_ENUM_CONVERSION = YES;
				CLANG_WARN_INFINITE_RECURSION = YES;
				CLANG_WARN_INT_CONVERSION = YES;
				CLANG_WARN_OBJC_ROOT_CLASS = YES_ERROR;
				CLANG_WARN_SUSPICIOUS_MOVE = YES;
				CLANG_WARN_UNREACHABLE_CODE = YES;
				CLANG_WARN__DUPLICATE_METHOD_MATCH = YES;
				"CODE_SIGN_IDENTITY[sdk=iphoneos*]" = "iPhone Developer";
				COPY_PHASE_STRIP = NO;
				CURRENT_PROJECT_VERSION = 1;
				DEBUG_INFORMATION_FORMAT = dwarf;
				ENABLE_STRICT_OBJC_MSGSEND = YES;
				ENABLE_TESTABILITY = YES;
				GCC_C_LANGUAGE_STANDARD = gnu99;
				GCC_DYNAMIC_NO_PIC = NO;
				GCC_NO_COMMON_BLOCKS = YES;
				GCC_OPTIMIZATION_LEVEL = 0;
				GCC_PREPROCESSOR_DEFINITIONS = (
					"DEBUG=1",
					"$(inherited)",
				);
				GCC_WARN_64_TO_32_BIT_CONVERSION = YES;
				GCC_WARN_ABOUT_RETURN_TYPE = YES_ERROR;
				GCC_WARN_UNDECLARED_SELECTOR = YES;
				GCC_WARN_UNINITIALIZED_AUTOS = YES_AGGRESSIVE;
				GCC_WARN_UNUSED_FUNCTION = YES;
				GCC_WARN_UNUSED_VARIABLE = YES;
				IPHONEOS_DEPLOYMENT_TARGET = 8.0;
				MTL_ENABLE_DEBUG_INFO = YES;
				ONLY_ACTIVE_ARCH = YES;
				SDKROOT = iphoneos;
				TARGETED_DEVICE_FAMILY = "1,2";
				VERSIONING_SYSTEM = "apple-generic";
				VERSION_INFO_PREFIX = "";
			};
			name = Debug;
		};
		4686F8201CEA2C4000AFEA65 /* Release */ = {
			isa = XCBuildConfiguration;
			buildSettings = {
				ALWAYS_SEARCH_USER_PATHS = NO;
				CLANG_ANALYZER_NONNULL = YES;
				CLANG_CXX_LANGUAGE_STANDARD = "gnu++0x";
				CLANG_CXX_LIBRARY = "libc++";
				CLANG_ENABLE_MODULES = YES;
				CLANG_ENABLE_OBJC_ARC = YES;
				CLANG_WARN_BOOL_CONVERSION = YES;
				CLANG_WARN_CONSTANT_CONVERSION = YES;
				CLANG_WARN_DIRECT_OBJC_ISA_USAGE = YES_ERROR;
				CLANG_WARN_EMPTY_BODY = YES;
				CLANG_WARN_ENUM_CONVERSION = YES;
				CLANG_WARN_INFINITE_RECURSION = YES;
				CLANG_WARN_INT_CONVERSION = YES;
				CLANG_WARN_OBJC_ROOT_CLASS = YES_ERROR;
				CLANG_WARN_SUSPICIOUS_MOVE = YES;
				CLANG_WARN_UNREACHABLE_CODE = YES;
				CLANG_WARN__DUPLICATE_METHOD_MATCH = YES;
				"CODE_SIGN_IDENTITY[sdk=iphoneos*]" = "iPhone Developer";
				COPY_PHASE_STRIP = NO;
				CURRENT_PROJECT_VERSION = 1;
				DEBUG_INFORMATION_FORMAT = "dwarf-with-dsym";
				ENABLE_NS_ASSERTIONS = NO;
				ENABLE_STRICT_OBJC_MSGSEND = YES;
				GCC_C_LANGUAGE_STANDARD = gnu99;
				GCC_NO_COMMON_BLOCKS = YES;
				GCC_WARN_64_TO_32_BIT_CONVERSION = YES;
				GCC_WARN_ABOUT_RETURN_TYPE = YES_ERROR;
				GCC_WARN_UNDECLARED_SELECTOR = YES;
				GCC_WARN_UNINITIALIZED_AUTOS = YES_AGGRESSIVE;
				GCC_WARN_UNUSED_FUNCTION = YES;
				GCC_WARN_UNUSED_VARIABLE = YES;
				IPHONEOS_DEPLOYMENT_TARGET = 8.0;
				MTL_ENABLE_DEBUG_INFO = NO;
				SDKROOT = iphoneos;
				TARGETED_DEVICE_FAMILY = "1,2";
				VALIDATE_PRODUCT = YES;
				VERSIONING_SYSTEM = "apple-generic";
				VERSION_INFO_PREFIX = "";
			};
			name = Release;
		};
		4686F8221CEA2C4000AFEA65 /* Debug */ = {
			isa = XCBuildConfiguration;
			buildSettings = {
				CODE_SIGN_IDENTITY = "";
				"CODE_SIGN_IDENTITY[sdk=iphoneos*]" = "";
				DEFINES_MODULE = YES;
				DEVELOPMENT_TEAM = XDN35K5RF2;
				DYLIB_COMPATIBILITY_VERSION = 1;
				DYLIB_CURRENT_VERSION = 1;
				DYLIB_INSTALL_NAME_BASE = "@rpath";
				GCC_PREPROCESSOR_DEFINITIONS = (
					"$(inherited)",
					"DEBUG=1",
					"INPB=1",
				);
				INFOPLIST_FILE = "$(SRCROOT)/Sources/Info.plist";
				INSTALL_PATH = "$(LOCAL_LIBRARY_DIR)/Frameworks";
				IPHONEOS_DEPLOYMENT_TARGET = 8.0;
				LD_RUNPATH_SEARCH_PATHS = "$(inherited) @executable_path/Frameworks @loader_path/Frameworks";
				PRODUCT_BUNDLE_IDENTIFIER = com.mochxiao.PhotoBrowser;
				PRODUCT_NAME = "$(TARGET_NAME)";
				SKIP_INSTALL = YES;
			};
			name = Debug;
		};
		4686F8231CEA2C4000AFEA65 /* Release */ = {
			isa = XCBuildConfiguration;
			buildSettings = {
				CODE_SIGN_IDENTITY = "";
				"CODE_SIGN_IDENTITY[sdk=iphoneos*]" = "";
				DEFINES_MODULE = YES;
				DEVELOPMENT_TEAM = XDN35K5RF2;
				DYLIB_COMPATIBILITY_VERSION = 1;
				DYLIB_CURRENT_VERSION = 1;
				DYLIB_INSTALL_NAME_BASE = "@rpath";
				INFOPLIST_FILE = "$(SRCROOT)/Sources/Info.plist";
				INSTALL_PATH = "$(LOCAL_LIBRARY_DIR)/Frameworks";
				IPHONEOS_DEPLOYMENT_TARGET = 8.0;
				LD_RUNPATH_SEARCH_PATHS = "$(inherited) @executable_path/Frameworks @loader_path/Frameworks";
				PRODUCT_BUNDLE_IDENTIFIER = com.mochxiao.PhotoBrowser;
				PRODUCT_NAME = "$(TARGET_NAME)";
				SKIP_INSTALL = YES;
			};
			name = Release;
		};
		4686F8461CEA2C7A00AFEA65 /* Debug */ = {
			isa = XCBuildConfiguration;
			baseConfigurationReference = 69D32124846D71E6131AAB59 /* Pods-Example.debug.xcconfig */;
			buildSettings = {
				ASSETCATALOG_COMPILER_APPICON_NAME = AppIcon;
				CODE_SIGN_IDENTITY = "";
				"CODE_SIGN_IDENTITY[sdk=iphoneos*]" = "iPhone Developer";
				DEVELOPMENT_TEAM = XDN35K5RF2;
				INFOPLIST_FILE = Example/Application/Info.plist;
				IPHONEOS_DEPLOYMENT_TARGET = 8.0;
				LD_RUNPATH_SEARCH_PATHS = "$(inherited) @executable_path/Frameworks";
				PRODUCT_BUNDLE_IDENTIFIER = com.mochxiao.PhotoBrowserExample;
				PRODUCT_NAME = "$(TARGET_NAME)";
				PROVISIONING_PROFILE = "";
				PROVISIONING_PROFILE_SPECIFIER = "";
			};
			name = Debug;
		};
		4686F8471CEA2C7A00AFEA65 /* Release */ = {
			isa = XCBuildConfiguration;
			baseConfigurationReference = 50F46F9330F91C01C080BDC8 /* Pods-Example.release.xcconfig */;
			buildSettings = {
				ASSETCATALOG_COMPILER_APPICON_NAME = AppIcon;
				CODE_SIGN_IDENTITY = "";
				"CODE_SIGN_IDENTITY[sdk=iphoneos*]" = "iPhone Developer";
				DEVELOPMENT_TEAM = XDN35K5RF2;
				INFOPLIST_FILE = Example/Application/Info.plist;
				IPHONEOS_DEPLOYMENT_TARGET = 8.0;
				LD_RUNPATH_SEARCH_PATHS = "$(inherited) @executable_path/Frameworks";
				PRODUCT_BUNDLE_IDENTIFIER = com.mochxiao.PhotoBrowserExample;
				PRODUCT_NAME = "$(TARGET_NAME)";
				PROVISIONING_PROFILE = "";
				PROVISIONING_PROFILE_SPECIFIER = "";
			};
			name = Release;
		};
/* End XCBuildConfiguration section */

/* Begin XCConfigurationList section */
		4686F8131CEA2C4000AFEA65 /* Build configuration list for PBXProject "PhotoBrowser" */ = {
			isa = XCConfigurationList;
			buildConfigurations = (
				4686F81F1CEA2C4000AFEA65 /* Debug */,
				4686F8201CEA2C4000AFEA65 /* Release */,
			);
			defaultConfigurationIsVisible = 0;
			defaultConfigurationName = Release;
		};
		4686F8211CEA2C4000AFEA65 /* Build configuration list for PBXNativeTarget "PhotoBrowser" */ = {
			isa = XCConfigurationList;
			buildConfigurations = (
				4686F8221CEA2C4000AFEA65 /* Debug */,
				4686F8231CEA2C4000AFEA65 /* Release */,
			);
			defaultConfigurationIsVisible = 0;
			defaultConfigurationName = Release;
		};
		4686F8451CEA2C7A00AFEA65 /* Build configuration list for PBXNativeTarget "Example" */ = {
			isa = XCConfigurationList;
			buildConfigurations = (
				4686F8461CEA2C7A00AFEA65 /* Debug */,
				4686F8471CEA2C7A00AFEA65 /* Release */,
			);
			defaultConfigurationIsVisible = 0;
			defaultConfigurationName = Release;
		};
/* End XCConfigurationList section */
	};
	rootObject = 4686F8101CEA2C4000AFEA65 /* Project object */;
}
