// !$*UTF8*$!
{
	archiveVersion = 1;
	classes = {
	};
	objectVersion = 46;
	objects = {

/* Begin PBXBuildFile section */
		4602B3351CE4099A009205CF /* PBImageScrollView.h in Headers */ = {isa = PBXBuildFile; fileRef = 4602B3331CE4099A009205CF /* PBImageScrollView.h */; };
		4602B3361CE4099A009205CF /* PBImageScrollView.m in Sources */ = {isa = PBXBuildFile; fileRef = 4602B3341CE4099A009205CF /* PBImageScrollView.m */; };
		461B1C9E1B9584670046D210 /* PBViewControllerDelegate.h in Headers */ = {isa = PBXBuildFile; fileRef = 461B1C9D1B9584670046D210 /* PBViewControllerDelegate.h */; };
		4655F2CA1B9434D200CE5C50 /* PhotoBrowser.h in Headers */ = {isa = PBXBuildFile; fileRef = 4655F2C91B9434D200CE5C50 /* PhotoBrowser.h */; settings = {ATTRIBUTES = (Public, ); }; };
		4655F2D01B9434D200CE5C50 /* PhotoBrowser.framework in Frameworks */ = {isa = PBXBuildFile; fileRef = 4655F2C41B9434D200CE5C50 /* PhotoBrowser.framework */; };
		4655F2D71B9434D200CE5C50 /* PhotoBrowserTests.m in Sources */ = {isa = PBXBuildFile; fileRef = 4655F2D61B9434D200CE5C50 /* PhotoBrowserTests.m */; };
		4655F2E91B94350800CE5C50 /* main.m in Sources */ = {isa = PBXBuildFile; fileRef = 4655F2E81B94350800CE5C50 /* main.m */; };
		4655F2EC1B94350800CE5C50 /* AppDelegate.m in Sources */ = {isa = PBXBuildFile; fileRef = 4655F2EB1B94350800CE5C50 /* AppDelegate.m */; };
		4655F2EF1B94350800CE5C50 /* ViewController.m in Sources */ = {isa = PBXBuildFile; fileRef = 4655F2EE1B94350800CE5C50 /* ViewController.m */; };
		4655F2F41B94350800CE5C50 /* Images.xcassets in Resources */ = {isa = PBXBuildFile; fileRef = 4655F2F31B94350800CE5C50 /* Images.xcassets */; };
		4655F2F71B94350800CE5C50 /* LaunchScreen.xib in Resources */ = {isa = PBXBuildFile; fileRef = 4655F2F51B94350800CE5C50 /* LaunchScreen.xib */; };
		4655F3031B94350800CE5C50 /* PhotoBrowserSampleTests.m in Sources */ = {isa = PBXBuildFile; fileRef = 4655F3021B94350800CE5C50 /* PhotoBrowserSampleTests.m */; };
		4655F3101B94355900CE5C50 /* PBViewController.h in Headers */ = {isa = PBXBuildFile; fileRef = 4655F30E1B94355900CE5C50 /* PBViewController.h */; };
		4655F3111B94355900CE5C50 /* PBViewController.m in Sources */ = {isa = PBXBuildFile; fileRef = 4655F30F1B94355900CE5C50 /* PBViewController.m */; };
		4655F3131B9435FE00CE5C50 /* Main.storyboard in Resources */ = {isa = PBXBuildFile; fileRef = 4655F3121B9435FE00CE5C50 /* Main.storyboard */; };
		4655F3F01B943B8700CE5C50 /* PhotoBrowser.framework in Frameworks */ = {isa = PBXBuildFile; fileRef = 4655F2C41B9434D200CE5C50 /* PhotoBrowser.framework */; };
		4655F3F71B943C6800CE5C50 /* PBImageScrollerViewController.h in Headers */ = {isa = PBXBuildFile; fileRef = 4655F3F51B943C6800CE5C50 /* PBImageScrollerViewController.h */; };
		4655F3F81B943C6800CE5C50 /* PBImageScrollerViewController.m in Sources */ = {isa = PBXBuildFile; fileRef = 4655F3F61B943C6800CE5C50 /* PBImageScrollerViewController.m */; };
		4655F3FA1B9448B200CE5C50 /* PBViewControllerDataSource.h in Headers */ = {isa = PBXBuildFile; fileRef = 4655F3F91B9448B200CE5C50 /* PBViewControllerDataSource.h */; };
		46A038431CE555F300CBC57E /* 1.jpg in Resources */ = {isa = PBXBuildFile; fileRef = 46A0383B1CE555F300CBC57E /* 1.jpg */; };
		46A038441CE555F300CBC57E /* 2.jpg in Resources */ = {isa = PBXBuildFile; fileRef = 46A0383C1CE555F300CBC57E /* 2.jpg */; };
		46A038451CE555F300CBC57E /* 3.jpg in Resources */ = {isa = PBXBuildFile; fileRef = 46A0383D1CE555F300CBC57E /* 3.jpg */; };
		46A038461CE555F300CBC57E /* 4.jpg in Resources */ = {isa = PBXBuildFile; fileRef = 46A0383E1CE555F300CBC57E /* 4.jpg */; };
		46A038471CE555F300CBC57E /* 5.jpg in Resources */ = {isa = PBXBuildFile; fileRef = 46A0383F1CE555F300CBC57E /* 5.jpg */; };
		46A038481CE555F300CBC57E /* 6.jpg in Resources */ = {isa = PBXBuildFile; fileRef = 46A038401CE555F300CBC57E /* 6.jpg */; };
		46A038491CE555F300CBC57E /* 7.jpg in Resources */ = {isa = PBXBuildFile; fileRef = 46A038411CE555F300CBC57E /* 7.jpg */; };
		46A0384A1CE555F300CBC57E /* 8.jpg in Resources */ = {isa = PBXBuildFile; fileRef = 46A038421CE555F300CBC57E /* 8.jpg */; };
		46A0384D1CE5565800CBC57E /* DemoViewController.m in Sources */ = {isa = PBXBuildFile; fileRef = 46A0384C1CE5565800CBC57E /* DemoViewController.m */; };
		46A0384F1CE558C500CBC57E /* 9.jpg in Resources */ = {isa = PBXBuildFile; fileRef = 46A0384E1CE558C500CBC57E /* 9.jpg */; };
		46EA118A1CD1A2A000D2CB71 /* PhotoBrowser.framework in Embed Frameworks */ = {isa = PBXBuildFile; fileRef = 4655F2C41B9434D200CE5C50 /* PhotoBrowser.framework */; settings = {ATTRIBUTES = (CodeSignOnCopy, RemoveHeadersOnCopy, ); }; };
/* End PBXBuildFile section */

/* Begin PBXContainerItemProxy section */
		4655F2D11B9434D200CE5C50 /* PBXContainerItemProxy */ = {
			isa = PBXContainerItemProxy;
			containerPortal = 4655F2BB1B9434D200CE5C50 /* Project object */;
			proxyType = 1;
			remoteGlobalIDString = 4655F2C31B9434D200CE5C50;
			remoteInfo = PhotoBrowser;
		};
		4655F2FD1B94350800CE5C50 /* PBXContainerItemProxy */ = {
			isa = PBXContainerItemProxy;
			containerPortal = 4655F2BB1B9434D200CE5C50 /* Project object */;
			proxyType = 1;
			remoteGlobalIDString = 4655F2E31B94350800CE5C50;
			remoteInfo = PhotoBrowserSample;
		};
		46EA118B1CD1A2A000D2CB71 /* PBXContainerItemProxy */ = {
			isa = PBXContainerItemProxy;
			containerPortal = 4655F2BB1B9434D200CE5C50 /* Project object */;
			proxyType = 1;
			remoteGlobalIDString = 4655F2C31B9434D200CE5C50;
			remoteInfo = PhotoBrowser;
		};
/* End PBXContainerItemProxy section */

/* Begin PBXCopyFilesBuildPhase section */
		46EA118D1CD1A2A000D2CB71 /* Embed Frameworks */ = {
			isa = PBXCopyFilesBuildPhase;
			buildActionMask = 2147483647;
			dstPath = "";
			dstSubfolderSpec = 10;
			files = (
				46EA118A1CD1A2A000D2CB71 /* PhotoBrowser.framework in Embed Frameworks */,
			);
			name = "Embed Frameworks";
			runOnlyForDeploymentPostprocessing = 0;
		};
/* End PBXCopyFilesBuildPhase section */

/* Begin PBXFileReference section */
		4602B3331CE4099A009205CF /* PBImageScrollView.h */ = {isa = PBXFileReference; fileEncoding = 4; lastKnownFileType = sourcecode.c.h; path = PBImageScrollView.h; sourceTree = "<group>"; };
		4602B3341CE4099A009205CF /* PBImageScrollView.m */ = {isa = PBXFileReference; fileEncoding = 4; lastKnownFileType = sourcecode.c.objc; path = PBImageScrollView.m; sourceTree = "<group>"; };
		461B1C9D1B9584670046D210 /* PBViewControllerDelegate.h */ = {isa = PBXFileReference; fileEncoding = 4; lastKnownFileType = sourcecode.c.h; path = PBViewControllerDelegate.h; sourceTree = "<group>"; };
		4655F2C41B9434D200CE5C50 /* PhotoBrowser.framework */ = {isa = PBXFileReference; explicitFileType = wrapper.framework; includeInIndex = 0; path = PhotoBrowser.framework; sourceTree = BUILT_PRODUCTS_DIR; };
		4655F2C81B9434D200CE5C50 /* Info.plist */ = {isa = PBXFileReference; lastKnownFileType = text.plist.xml; path = Info.plist; sourceTree = "<group>"; };
		4655F2C91B9434D200CE5C50 /* PhotoBrowser.h */ = {isa = PBXFileReference; lastKnownFileType = sourcecode.c.h; path = PhotoBrowser.h; sourceTree = "<group>"; };
		4655F2CF1B9434D200CE5C50 /* PhotoBrowserTests.xctest */ = {isa = PBXFileReference; explicitFileType = wrapper.cfbundle; includeInIndex = 0; path = PhotoBrowserTests.xctest; sourceTree = BUILT_PRODUCTS_DIR; };
		4655F2D51B9434D200CE5C50 /* Info.plist */ = {isa = PBXFileReference; lastKnownFileType = text.plist.xml; path = Info.plist; sourceTree = "<group>"; };
		4655F2D61B9434D200CE5C50 /* PhotoBrowserTests.m */ = {isa = PBXFileReference; lastKnownFileType = sourcecode.c.objc; path = PhotoBrowserTests.m; sourceTree = "<group>"; };
		4655F2E41B94350800CE5C50 /* PhotoBrowserSample.app */ = {isa = PBXFileReference; explicitFileType = wrapper.application; includeInIndex = 0; path = PhotoBrowserSample.app; sourceTree = BUILT_PRODUCTS_DIR; };
		4655F2E71B94350800CE5C50 /* Info.plist */ = {isa = PBXFileReference; lastKnownFileType = text.plist.xml; path = Info.plist; sourceTree = "<group>"; };
		4655F2E81B94350800CE5C50 /* main.m */ = {isa = PBXFileReference; lastKnownFileType = sourcecode.c.objc; path = main.m; sourceTree = "<group>"; };
		4655F2EA1B94350800CE5C50 /* AppDelegate.h */ = {isa = PBXFileReference; lastKnownFileType = sourcecode.c.h; path = AppDelegate.h; sourceTree = "<group>"; };
		4655F2EB1B94350800CE5C50 /* AppDelegate.m */ = {isa = PBXFileReference; lastKnownFileType = sourcecode.c.objc; path = AppDelegate.m; sourceTree = "<group>"; };
		4655F2ED1B94350800CE5C50 /* ViewController.h */ = {isa = PBXFileReference; lastKnownFileType = sourcecode.c.h; path = ViewController.h; sourceTree = "<group>"; };
		4655F2EE1B94350800CE5C50 /* ViewController.m */ = {isa = PBXFileReference; lastKnownFileType = sourcecode.c.objc; path = ViewController.m; sourceTree = "<group>"; };
		4655F2F31B94350800CE5C50 /* Images.xcassets */ = {isa = PBXFileReference; lastKnownFileType = folder.assetcatalog; path = Images.xcassets; sourceTree = "<group>"; };
		4655F2F61B94350800CE5C50 /* Base */ = {isa = PBXFileReference; lastKnownFileType = file.xib; name = Base; path = Base.lproj/LaunchScreen.xib; sourceTree = "<group>"; };
		4655F2FC1B94350800CE5C50 /* PhotoBrowserSampleTests.xctest */ = {isa = PBXFileReference; explicitFileType = wrapper.cfbundle; includeInIndex = 0; path = PhotoBrowserSampleTests.xctest; sourceTree = BUILT_PRODUCTS_DIR; };
		4655F3011B94350800CE5C50 /* Info.plist */ = {isa = PBXFileReference; lastKnownFileType = text.plist.xml; path = Info.plist; sourceTree = "<group>"; };
		4655F3021B94350800CE5C50 /* PhotoBrowserSampleTests.m */ = {isa = PBXFileReference; lastKnownFileType = sourcecode.c.objc; path = PhotoBrowserSampleTests.m; sourceTree = "<group>"; };
		4655F30E1B94355900CE5C50 /* PBViewController.h */ = {isa = PBXFileReference; fileEncoding = 4; lastKnownFileType = sourcecode.c.h; path = PBViewController.h; sourceTree = "<group>"; };
		4655F30F1B94355900CE5C50 /* PBViewController.m */ = {isa = PBXFileReference; fileEncoding = 4; lastKnownFileType = sourcecode.c.objc; path = PBViewController.m; sourceTree = "<group>"; };
		4655F3121B9435FE00CE5C50 /* Main.storyboard */ = {isa = PBXFileReference; fileEncoding = 4; lastKnownFileType = file.storyboard; path = Main.storyboard; sourceTree = "<group>"; };
		4655F3F51B943C6800CE5C50 /* PBImageScrollerViewController.h */ = {isa = PBXFileReference; fileEncoding = 4; lastKnownFileType = sourcecode.c.h; path = PBImageScrollerViewController.h; sourceTree = "<group>"; };
		4655F3F61B943C6800CE5C50 /* PBImageScrollerViewController.m */ = {isa = PBXFileReference; fileEncoding = 4; lastKnownFileType = sourcecode.c.objc; path = PBImageScrollerViewController.m; sourceTree = "<group>"; };
		4655F3F91B9448B200CE5C50 /* PBViewControllerDataSource.h */ = {isa = PBXFileReference; fileEncoding = 4; lastKnownFileType = sourcecode.c.h; path = PBViewControllerDataSource.h; sourceTree = "<group>"; };
		46A0383B1CE555F300CBC57E /* 1.jpg */ = {isa = PBXFileReference; lastKnownFileType = image.jpeg; path = 1.jpg; sourceTree = "<group>"; };
		46A0383C1CE555F300CBC57E /* 2.jpg */ = {isa = PBXFileReference; lastKnownFileType = image.jpeg; path = 2.jpg; sourceTree = "<group>"; };
		46A0383D1CE555F300CBC57E /* 3.jpg */ = {isa = PBXFileReference; lastKnownFileType = image.jpeg; path = 3.jpg; sourceTree = "<group>"; };
		46A0383E1CE555F300CBC57E /* 4.jpg */ = {isa = PBXFileReference; lastKnownFileType = image.jpeg; path = 4.jpg; sourceTree = "<group>"; };
		46A0383F1CE555F300CBC57E /* 5.jpg */ = {isa = PBXFileReference; lastKnownFileType = image.jpeg; path = 5.jpg; sourceTree = "<group>"; };
		46A038401CE555F300CBC57E /* 6.jpg */ = {isa = PBXFileReference; lastKnownFileType = image.jpeg; path = 6.jpg; sourceTree = "<group>"; };
		46A038411CE555F300CBC57E /* 7.jpg */ = {isa = PBXFileReference; lastKnownFileType = image.jpeg; path = 7.jpg; sourceTree = "<group>"; };
		46A038421CE555F300CBC57E /* 8.jpg */ = {isa = PBXFileReference; lastKnownFileType = image.jpeg; path = 8.jpg; sourceTree = "<group>"; };
		46A0384B1CE5565800CBC57E /* DemoViewController.h */ = {isa = PBXFileReference; fileEncoding = 4; lastKnownFileType = sourcecode.c.h; path = DemoViewController.h; sourceTree = "<group>"; };
		46A0384C1CE5565800CBC57E /* DemoViewController.m */ = {isa = PBXFileReference; fileEncoding = 4; lastKnownFileType = sourcecode.c.objc; path = DemoViewController.m; sourceTree = "<group>"; };
		46A0384E1CE558C500CBC57E /* 9.jpg */ = {isa = PBXFileReference; lastKnownFileType = image.jpeg; path = 9.jpg; sourceTree = "<group>"; };
		46A038551CE629F400CBC57E /* PBImageScrollView+internal.h */ = {isa = PBXFileReference; lastKnownFileType = sourcecode.c.h; path = "PBImageScrollView+internal.h"; sourceTree = "<group>"; };
/* End PBXFileReference section */

/* Begin PBXFrameworksBuildPhase section */
		4655F2C01B9434D200CE5C50 /* Frameworks */ = {
			isa = PBXFrameworksBuildPhase;
			buildActionMask = 2147483647;
			files = (
			);
			runOnlyForDeploymentPostprocessing = 0;
		};
		4655F2CC1B9434D200CE5C50 /* Frameworks */ = {
			isa = PBXFrameworksBuildPhase;
			buildActionMask = 2147483647;
			files = (
				4655F2D01B9434D200CE5C50 /* PhotoBrowser.framework in Frameworks */,
			);
			runOnlyForDeploymentPostprocessing = 0;
		};
		4655F2E11B94350800CE5C50 /* Frameworks */ = {
			isa = PBXFrameworksBuildPhase;
			buildActionMask = 2147483647;
			files = (
				4655F3F01B943B8700CE5C50 /* PhotoBrowser.framework in Frameworks */,
			);
			runOnlyForDeploymentPostprocessing = 0;
		};
		4655F2F91B94350800CE5C50 /* Frameworks */ = {
			isa = PBXFrameworksBuildPhase;
			buildActionMask = 2147483647;
			files = (
			);
			runOnlyForDeploymentPostprocessing = 0;
		};
/* End PBXFrameworksBuildPhase section */

/* Begin PBXGroup section */
		4655F2BA1B9434D200CE5C50 = {
			isa = PBXGroup;
			children = (
				4655F2C61B9434D200CE5C50 /* PhotoBrowser */,
				4655F2D31B9434D200CE5C50 /* PhotoBrowserTests */,
				4655F2E51B94350800CE5C50 /* PhotoBrowserSample */,
				4655F2FF1B94350800CE5C50 /* PhotoBrowserSampleTests */,
				4655F2C51B9434D200CE5C50 /* Products */,
			);
			sourceTree = "<group>";
		};
		4655F2C51B9434D200CE5C50 /* Products */ = {
			isa = PBXGroup;
			children = (
				4655F2C41B9434D200CE5C50 /* PhotoBrowser.framework */,
				4655F2CF1B9434D200CE5C50 /* PhotoBrowserTests.xctest */,
				4655F2E41B94350800CE5C50 /* PhotoBrowserSample.app */,
				4655F2FC1B94350800CE5C50 /* PhotoBrowserSampleTests.xctest */,
			);
			name = Products;
			sourceTree = "<group>";
		};
		4655F2C61B9434D200CE5C50 /* PhotoBrowser */ = {
			isa = PBXGroup;
			children = (
				46A038551CE629F400CBC57E /* PBImageScrollView+internal.h */,
				4602B3331CE4099A009205CF /* PBImageScrollView.h */,
				4602B3341CE4099A009205CF /* PBImageScrollView.m */,
				4655F2C91B9434D200CE5C50 /* PhotoBrowser.h */,
				4655F3F91B9448B200CE5C50 /* PBViewControllerDataSource.h */,
				461B1C9D1B9584670046D210 /* PBViewControllerDelegate.h */,
				4655F30E1B94355900CE5C50 /* PBViewController.h */,
				4655F30F1B94355900CE5C50 /* PBViewController.m */,
				4655F3F51B943C6800CE5C50 /* PBImageScrollerViewController.h */,
				4655F3F61B943C6800CE5C50 /* PBImageScrollerViewController.m */,
				4655F2C71B9434D200CE5C50 /* Supporting Files */,
			);
			path = PhotoBrowser;
			sourceTree = "<group>";
		};
		4655F2C71B9434D200CE5C50 /* Supporting Files */ = {
			isa = PBXGroup;
			children = (
				4655F2C81B9434D200CE5C50 /* Info.plist */,
			);
			path = "Supporting Files";
			sourceTree = "<group>";
		};
		4655F2D31B9434D200CE5C50 /* PhotoBrowserTests */ = {
			isa = PBXGroup;
			children = (
				4655F2D61B9434D200CE5C50 /* PhotoBrowserTests.m */,
				4655F2D41B9434D200CE5C50 /* Supporting Files */,
			);
			path = PhotoBrowserTests;
			sourceTree = "<group>";
		};
		4655F2D41B9434D200CE5C50 /* Supporting Files */ = {
			isa = PBXGroup;
			children = (
				4655F2D51B9434D200CE5C50 /* Info.plist */,
			);
			path = "Supporting Files";
			sourceTree = "<group>";
		};
		4655F2E51B94350800CE5C50 /* PhotoBrowserSample */ = {
			isa = PBXGroup;
			children = (
				46A0383A1CE555E200CBC57E /* Assets */,
				4655F2EA1B94350800CE5C50 /* AppDelegate.h */,
				4655F2EB1B94350800CE5C50 /* AppDelegate.m */,
				4655F2ED1B94350800CE5C50 /* ViewController.h */,
				4655F2EE1B94350800CE5C50 /* ViewController.m */,
				4655F2F31B94350800CE5C50 /* Images.xcassets */,
				4655F2F51B94350800CE5C50 /* LaunchScreen.xib */,
				4655F3121B9435FE00CE5C50 /* Main.storyboard */,
				4655F2E61B94350800CE5C50 /* Supporting Files */,
				46A0384B1CE5565800CBC57E /* DemoViewController.h */,
				46A0384C1CE5565800CBC57E /* DemoViewController.m */,
			);
			path = PhotoBrowserSample;
			sourceTree = "<group>";
		};
		4655F2E61B94350800CE5C50 /* Supporting Files */ = {
			isa = PBXGroup;
			children = (
				4655F2E71B94350800CE5C50 /* Info.plist */,
				4655F2E81B94350800CE5C50 /* main.m */,
			);
			path = "Supporting Files";
			sourceTree = "<group>";
		};
		4655F2FF1B94350800CE5C50 /* PhotoBrowserSampleTests */ = {
			isa = PBXGroup;
			children = (
				4655F3021B94350800CE5C50 /* PhotoBrowserSampleTests.m */,
				4655F3001B94350800CE5C50 /* Supporting Files */,
			);
			path = PhotoBrowserSampleTests;
			sourceTree = "<group>";
		};
		4655F3001B94350800CE5C50 /* Supporting Files */ = {
			isa = PBXGroup;
			children = (
				4655F3011B94350800CE5C50 /* Info.plist */,
			);
			path = "Supporting Files";
			sourceTree = "<group>";
		};
		46A0383A1CE555E200CBC57E /* Assets */ = {
			isa = PBXGroup;
			children = (
				46A0384E1CE558C500CBC57E /* 9.jpg */,
				46A0383B1CE555F300CBC57E /* 1.jpg */,
				46A0383C1CE555F300CBC57E /* 2.jpg */,
				46A0383D1CE555F300CBC57E /* 3.jpg */,
				46A0383E1CE555F300CBC57E /* 4.jpg */,
				46A0383F1CE555F300CBC57E /* 5.jpg */,
				46A038401CE555F300CBC57E /* 6.jpg */,
				46A038411CE555F300CBC57E /* 7.jpg */,
				46A038421CE555F300CBC57E /* 8.jpg */,
			);
			path = Assets;
			sourceTree = "<group>";
		};
/* End PBXGroup section */

/* Begin PBXHeadersBuildPhase section */
		4655F2C11B9434D200CE5C50 /* Headers */ = {
			isa = PBXHeadersBuildPhase;
			buildActionMask = 2147483647;
			files = (
				4602B3351CE4099A009205CF /* PBImageScrollView.h in Headers */,
				4655F2CA1B9434D200CE5C50 /* PhotoBrowser.h in Headers */,
				4655F3101B94355900CE5C50 /* PBViewController.h in Headers */,
				461B1C9E1B9584670046D210 /* PBViewControllerDelegate.h in Headers */,
				4655F3FA1B9448B200CE5C50 /* PBViewControllerDataSource.h in Headers */,
				4655F3F71B943C6800CE5C50 /* PBImageScrollerViewController.h in Headers */,
			);
			runOnlyForDeploymentPostprocessing = 0;
		};
/* End PBXHeadersBuildPhase section */

/* Begin PBXNativeTarget section */
		4655F2C31B9434D200CE5C50 /* PhotoBrowser */ = {
			isa = PBXNativeTarget;
			buildConfigurationList = 4655F2DA1B9434D200CE5C50 /* Build configuration list for PBXNativeTarget "PhotoBrowser" */;
			buildPhases = (
				4655F2BF1B9434D200CE5C50 /* Sources */,
				4655F2C01B9434D200CE5C50 /* Frameworks */,
				4655F2C11B9434D200CE5C50 /* Headers */,
				4655F2C21B9434D200CE5C50 /* Resources */,
			);
			buildRules = (
			);
			dependencies = (
			);
			name = PhotoBrowser;
			productName = PhotoBrowser;
			productReference = 4655F2C41B9434D200CE5C50 /* PhotoBrowser.framework */;
			productType = "com.apple.product-type.framework";
		};
		4655F2CE1B9434D200CE5C50 /* PhotoBrowserTests */ = {
			isa = PBXNativeTarget;
			buildConfigurationList = 4655F2DD1B9434D200CE5C50 /* Build configuration list for PBXNativeTarget "PhotoBrowserTests" */;
			buildPhases = (
				4655F2CB1B9434D200CE5C50 /* Sources */,
				4655F2CC1B9434D200CE5C50 /* Frameworks */,
				4655F2CD1B9434D200CE5C50 /* Resources */,
			);
			buildRules = (
			);
			dependencies = (
				4655F2D21B9434D200CE5C50 /* PBXTargetDependency */,
			);
			name = PhotoBrowserTests;
			productName = PhotoBrowserTests;
			productReference = 4655F2CF1B9434D200CE5C50 /* PhotoBrowserTests.xctest */;
			productType = "com.apple.product-type.bundle.unit-test";
		};
		4655F2E31B94350800CE5C50 /* PhotoBrowserSample */ = {
			isa = PBXNativeTarget;
			buildConfigurationList = 4655F3041B94350800CE5C50 /* Build configuration list for PBXNativeTarget "PhotoBrowserSample" */;
			buildPhases = (
				4655F2E01B94350800CE5C50 /* Sources */,
				4655F2E11B94350800CE5C50 /* Frameworks */,
				4655F2E21B94350800CE5C50 /* Resources */,
				46EA118D1CD1A2A000D2CB71 /* Embed Frameworks */,
			);
			buildRules = (
			);
			dependencies = (
				46EA118C1CD1A2A000D2CB71 /* PBXTargetDependency */,
			);
			name = PhotoBrowserSample;
			productName = PhotoBrowserSample;
			productReference = 4655F2E41B94350800CE5C50 /* PhotoBrowserSample.app */;
			productType = "com.apple.product-type.application";
		};
		4655F2FB1B94350800CE5C50 /* PhotoBrowserSampleTests */ = {
			isa = PBXNativeTarget;
			buildConfigurationList = 4655F3071B94350800CE5C50 /* Build configuration list for PBXNativeTarget "PhotoBrowserSampleTests" */;
			buildPhases = (
				4655F2F81B94350800CE5C50 /* Sources */,
				4655F2F91B94350800CE5C50 /* Frameworks */,
				4655F2FA1B94350800CE5C50 /* Resources */,
			);
			buildRules = (
			);
			dependencies = (
				4655F2FE1B94350800CE5C50 /* PBXTargetDependency */,
			);
			name = PhotoBrowserSampleTests;
			productName = PhotoBrowserSampleTests;
			productReference = 4655F2FC1B94350800CE5C50 /* PhotoBrowserSampleTests.xctest */;
			productType = "com.apple.product-type.bundle.unit-test";
		};
/* End PBXNativeTarget section */

/* Begin PBXProject section */
		4655F2BB1B9434D200CE5C50 /* Project object */ = {
			isa = PBXProject;
			attributes = {
				LastUpgradeCheck = 0640;
				ORGANIZATIONNAME = "Moch Xiao";
				TargetAttributes = {
					4655F2C31B9434D200CE5C50 = {
						CreatedOnToolsVersion = 6.4;
					};
					4655F2CE1B9434D200CE5C50 = {
						CreatedOnToolsVersion = 6.4;
					};
					4655F2E31B94350800CE5C50 = {
						CreatedOnToolsVersion = 6.4;
					};
					4655F2FB1B94350800CE5C50 = {
						CreatedOnToolsVersion = 6.4;
						TestTargetID = 4655F2E31B94350800CE5C50;
					};
				};
			};
			buildConfigurationList = 4655F2BE1B9434D200CE5C50 /* Build configuration list for PBXProject "PhotoBrowser" */;
			compatibilityVersion = "Xcode 3.2";
			developmentRegion = English;
			hasScannedForEncodings = 0;
			knownRegions = (
				en,
				Base,
			);
			mainGroup = 4655F2BA1B9434D200CE5C50;
			productRefGroup = 4655F2C51B9434D200CE5C50 /* Products */;
			projectDirPath = "";
			projectRoot = "";
			targets = (
				4655F2C31B9434D200CE5C50 /* PhotoBrowser */,
				4655F2CE1B9434D200CE5C50 /* PhotoBrowserTests */,
				4655F2E31B94350800CE5C50 /* PhotoBrowserSample */,
				4655F2FB1B94350800CE5C50 /* PhotoBrowserSampleTests */,
			);
		};
/* End PBXProject section */

/* Begin PBXResourcesBuildPhase section */
		4655F2C21B9434D200CE5C50 /* Resources */ = {
			isa = PBXResourcesBuildPhase;
			buildActionMask = 2147483647;
			files = (
			);
			runOnlyForDeploymentPostprocessing = 0;
		};
		4655F2CD1B9434D200CE5C50 /* Resources */ = {
			isa = PBXResourcesBuildPhase;
			buildActionMask = 2147483647;
			files = (
			);
			runOnlyForDeploymentPostprocessing = 0;
		};
		4655F2E21B94350800CE5C50 /* Resources */ = {
			isa = PBXResourcesBuildPhase;
			buildActionMask = 2147483647;
			files = (
				46A0384A1CE555F300CBC57E /* 8.jpg in Resources */,
				46A038481CE555F300CBC57E /* 6.jpg in Resources */,
				4655F3131B9435FE00CE5C50 /* Main.storyboard in Resources */,
				46A038471CE555F300CBC57E /* 5.jpg in Resources */,
				46A038461CE555F300CBC57E /* 4.jpg in Resources */,
				46A038431CE555F300CBC57E /* 1.jpg in Resources */,
				46A038441CE555F300CBC57E /* 2.jpg in Resources */,
				46A038451CE555F300CBC57E /* 3.jpg in Resources */,
				46A038491CE555F300CBC57E /* 7.jpg in Resources */,
				46A0384F1CE558C500CBC57E /* 9.jpg in Resources */,
				4655F2F71B94350800CE5C50 /* LaunchScreen.xib in Resources */,
				4655F2F41B94350800CE5C50 /* Images.xcassets in Resources */,
			);
			runOnlyForDeploymentPostprocessing = 0;
		};
		4655F2FA1B94350800CE5C50 /* Resources */ = {
			isa = PBXResourcesBuildPhase;
			buildActionMask = 2147483647;
			files = (
			);
			runOnlyForDeploymentPostprocessing = 0;
		};
/* End PBXResourcesBuildPhase section */

/* Begin PBXSourcesBuildPhase section */
		4655F2BF1B9434D200CE5C50 /* Sources */ = {
			isa = PBXSourcesBuildPhase;
			buildActionMask = 2147483647;
			files = (
				4602B3361CE4099A009205CF /* PBImageScrollView.m in Sources */,
				4655F3F81B943C6800CE5C50 /* PBImageScrollerViewController.m in Sources */,
				4655F3111B94355900CE5C50 /* PBViewController.m in Sources */,
			);
			runOnlyForDeploymentPostprocessing = 0;
		};
		4655F2CB1B9434D200CE5C50 /* Sources */ = {
			isa = PBXSourcesBuildPhase;
			buildActionMask = 2147483647;
			files = (
				4655F2D71B9434D200CE5C50 /* PhotoBrowserTests.m in Sources */,
			);
			runOnlyForDeploymentPostprocessing = 0;
		};
		4655F2E01B94350800CE5C50 /* Sources */ = {
			isa = PBXSourcesBuildPhase;
			buildActionMask = 2147483647;
			files = (
				4655F2EF1B94350800CE5C50 /* ViewController.m in Sources */,
				4655F2EC1B94350800CE5C50 /* AppDelegate.m in Sources */,
				4655F2E91B94350800CE5C50 /* main.m in Sources */,
				46A0384D1CE5565800CBC57E /* DemoViewController.m in Sources */,
			);
			runOnlyForDeploymentPostprocessing = 0;
		};
		4655F2F81B94350800CE5C50 /* Sources */ = {
			isa = PBXSourcesBuildPhase;
			buildActionMask = 2147483647;
			files = (
				4655F3031B94350800CE5C50 /* PhotoBrowserSampleTests.m in Sources */,
			);
			runOnlyForDeploymentPostprocessing = 0;
		};
/* End PBXSourcesBuildPhase section */

/* Begin PBXTargetDependency section */
		4655F2D21B9434D200CE5C50 /* PBXTargetDependency */ = {
			isa = PBXTargetDependency;
			target = 4655F2C31B9434D200CE5C50 /* PhotoBrowser */;
			targetProxy = 4655F2D11B9434D200CE5C50 /* PBXContainerItemProxy */;
		};
		4655F2FE1B94350800CE5C50 /* PBXTargetDependency */ = {
			isa = PBXTargetDependency;
			target = 4655F2E31B94350800CE5C50 /* PhotoBrowserSample */;
			targetProxy = 4655F2FD1B94350800CE5C50 /* PBXContainerItemProxy */;
		};
		46EA118C1CD1A2A000D2CB71 /* PBXTargetDependency */ = {
			isa = PBXTargetDependency;
			target = 4655F2C31B9434D200CE5C50 /* PhotoBrowser */;
			targetProxy = 46EA118B1CD1A2A000D2CB71 /* PBXContainerItemProxy */;
		};
/* End PBXTargetDependency section */

/* Begin PBXVariantGroup section */
		4655F2F51B94350800CE5C50 /* LaunchScreen.xib */ = {
			isa = PBXVariantGroup;
			children = (
				4655F2F61B94350800CE5C50 /* Base */,
			);
			name = LaunchScreen.xib;
			path = .;
			sourceTree = "<group>";
		};
/* End PBXVariantGroup section */

/* Begin XCBuildConfiguration section */
		4655F2D81B9434D200CE5C50 /* Debug */ = {
			isa = XCBuildConfiguration;
			buildSettings = {
				ALWAYS_SEARCH_USER_PATHS = NO;
				CLANG_CXX_LANGUAGE_STANDARD = "gnu++0x";
				CLANG_CXX_LIBRARY = "libc++";
				CLANG_ENABLE_MODULES = YES;
				CLANG_ENABLE_OBJC_ARC = YES;
				CLANG_WARN_BOOL_CONVERSION = YES;
				CLANG_WARN_CONSTANT_CONVERSION = YES;
				CLANG_WARN_DIRECT_OBJC_ISA_USAGE = YES_ERROR;
				CLANG_WARN_EMPTY_BODY = YES;
				CLANG_WARN_ENUM_CONVERSION = YES;
				CLANG_WARN_INT_CONVERSION = YES;
				CLANG_WARN_OBJC_ROOT_CLASS = YES_ERROR;
				CLANG_WARN_UNREACHABLE_CODE = YES;
				CLANG_WARN__DUPLICATE_METHOD_MATCH = YES;
				"CODE_SIGN_IDENTITY[sdk=iphoneos*]" = "iPhone Developer";
				COPY_PHASE_STRIP = NO;
				CURRENT_PROJECT_VERSION = 1;
				DEBUG_INFORMATION_FORMAT = "dwarf-with-dsym";
				ENABLE_STRICT_OBJC_MSGSEND = YES;
				GCC_C_LANGUAGE_STANDARD = gnu99;
				GCC_DYNAMIC_NO_PIC = NO;
				GCC_NO_COMMON_BLOCKS = YES;
				GCC_OPTIMIZATION_LEVEL = 0;
				GCC_PREPROCESSOR_DEFINITIONS = (
					"DEBUG=1",
					"$(inherited)",
				);
				GCC_SYMBOLS_PRIVATE_EXTERN = NO;
				GCC_WARN_64_TO_32_BIT_CONVERSION = YES;
				GCC_WARN_ABOUT_RETURN_TYPE = YES_ERROR;
				GCC_WARN_UNDECLARED_SELECTOR = YES;
				GCC_WARN_UNINITIALIZED_AUTOS = YES_AGGRESSIVE;
				GCC_WARN_UNUSED_FUNCTION = YES;
				GCC_WARN_UNUSED_VARIABLE = YES;
				IPHONEOS_DEPLOYMENT_TARGET = 8.4;
				MTL_ENABLE_DEBUG_INFO = YES;
				ONLY_ACTIVE_ARCH = YES;
				SDKROOT = iphoneos;
				TARGETED_DEVICE_FAMILY = "1,2";
				VERSIONING_SYSTEM = "apple-generic";
				VERSION_INFO_PREFIX = "";
			};
			name = Debug;
		};
		4655F2D91B9434D200CE5C50 /* Release */ = {
			isa = XCBuildConfiguration;
			buildSettings = {
				ALWAYS_SEARCH_USER_PATHS = NO;
				CLANG_CXX_LANGUAGE_STANDARD = "gnu++0x";
				CLANG_CXX_LIBRARY = "libc++";
				CLANG_ENABLE_MODULES = YES;
				CLANG_ENABLE_OBJC_ARC = YES;
				CLANG_WARN_BOOL_CONVERSION = YES;
				CLANG_WARN_CONSTANT_CONVERSION = YES;
				CLANG_WARN_DIRECT_OBJC_ISA_USAGE = YES_ERROR;
				CLANG_WARN_EMPTY_BODY = YES;
				CLANG_WARN_ENUM_CONVERSION = YES;
				CLANG_WARN_INT_CONVERSION = YES;
				CLANG_WARN_OBJC_ROOT_CLASS = YES_ERROR;
				CLANG_WARN_UNREACHABLE_CODE = YES;
				CLANG_WARN__DUPLICATE_METHOD_MATCH = YES;
				"CODE_SIGN_IDENTITY[sdk=iphoneos*]" = "iPhone Developer";
				COPY_PHASE_STRIP = NO;
				CURRENT_PROJECT_VERSION = 1;
				DEBUG_INFORMATION_FORMAT = "dwarf-with-dsym";
				ENABLE_NS_ASSERTIONS = NO;
				ENABLE_STRICT_OBJC_MSGSEND = YES;
				GCC_C_LANGUAGE_STANDARD = gnu99;
				GCC_NO_COMMON_BLOCKS = YES;
				GCC_WARN_64_TO_32_BIT_CONVERSION = YES;
				GCC_WARN_ABOUT_RETURN_TYPE = YES_ERROR;
				GCC_WARN_UNDECLARED_SELECTOR = YES;
				GCC_WARN_UNINITIALIZED_AUTOS = YES_AGGRESSIVE;
				GCC_WARN_UNUSED_FUNCTION = YES;
				GCC_WARN_UNUSED_VARIABLE = YES;
				IPHONEOS_DEPLOYMENT_TARGET = 8.4;
				MTL_ENABLE_DEBUG_INFO = NO;
				SDKROOT = iphoneos;
				TARGETED_DEVICE_FAMILY = "1,2";
				VALIDATE_PRODUCT = YES;
				VERSIONING_SYSTEM = "apple-generic";
				VERSION_INFO_PREFIX = "";
			};
			name = Release;
		};
		4655F2DB1B9434D200CE5C50 /* Debug */ = {
			isa = XCBuildConfiguration;
			buildSettings = {
				DEFINES_MODULE = YES;
				DYLIB_COMPATIBILITY_VERSION = 1;
				DYLIB_CURRENT_VERSION = 1;
				DYLIB_INSTALL_NAME_BASE = "@rpath";
				INFOPLIST_FILE = "PhotoBrowser/Supporting Files/Info.plist";
				INSTALL_PATH = "$(LOCAL_LIBRARY_DIR)/Frameworks";
				LD_RUNPATH_SEARCH_PATHS = "$(inherited) @executable_path/Frameworks @loader_path/Frameworks";
				PRODUCT_NAME = "$(TARGET_NAME)";
				SKIP_INSTALL = YES;
			};
			name = Debug;
		};
		4655F2DC1B9434D200CE5C50 /* Release */ = {
			isa = XCBuildConfiguration;
			buildSettings = {
				DEFINES_MODULE = YES;
				DYLIB_COMPATIBILITY_VERSION = 1;
				DYLIB_CURRENT_VERSION = 1;
				DYLIB_INSTALL_NAME_BASE = "@rpath";
				INFOPLIST_FILE = "PhotoBrowser/Supporting Files/Info.plist";
				INSTALL_PATH = "$(LOCAL_LIBRARY_DIR)/Frameworks";
				LD_RUNPATH_SEARCH_PATHS = "$(inherited) @executable_path/Frameworks @loader_path/Frameworks";
				PRODUCT_NAME = "$(TARGET_NAME)";
				SKIP_INSTALL = YES;
			};
			name = Release;
		};
		4655F2DE1B9434D200CE5C50 /* Debug */ = {
			isa = XCBuildConfiguration;
			buildSettings = {
				FRAMEWORK_SEARCH_PATHS = (
					"$(SDKROOT)/Developer/Library/Frameworks",
					"$(inherited)",
				);
				GCC_PREPROCESSOR_DEFINITIONS = (
					"DEBUG=1",
					"$(inherited)",
				);
				INFOPLIST_FILE = "PhotoBrowserTests/Supporting Files/Info.plist";
				LD_RUNPATH_SEARCH_PATHS = "$(inherited) @executable_path/Frameworks @loader_path/Frameworks";
				PRODUCT_NAME = "$(TARGET_NAME)";
			};
			name = Debug;
		};
		4655F2DF1B9434D200CE5C50 /* Release */ = {
			isa = XCBuildConfiguration;
			buildSettings = {
				FRAMEWORK_SEARCH_PATHS = (
					"$(SDKROOT)/Developer/Library/Frameworks",
					"$(inherited)",
				);
				INFOPLIST_FILE = "PhotoBrowserTests/Supporting Files/Info.plist";
				LD_RUNPATH_SEARCH_PATHS = "$(inherited) @executable_path/Frameworks @loader_path/Frameworks";
				PRODUCT_NAME = "$(TARGET_NAME)";
			};
			name = Release;
		};
		4655F3051B94350800CE5C50 /* Debug */ = {
			isa = XCBuildConfiguration;
			buildSettings = {
				ASSETCATALOG_COMPILER_APPICON_NAME = AppIcon;
				GCC_PREPROCESSOR_DEFINITIONS = (
					"DEBUG=1",
					"$(inherited)",
				);
				INFOPLIST_FILE = "PhotoBrowserSample/Supporting Files/Info.plist";
				LD_RUNPATH_SEARCH_PATHS = "$(inherited) @executable_path/Frameworks";
				PRODUCT_NAME = "$(TARGET_NAME)";
			};
			name = Debug;
		};
		4655F3061B94350800CE5C50 /* Release */ = {
			isa = XCBuildConfiguration;
			buildSettings = {
				ASSETCATALOG_COMPILER_APPICON_NAME = AppIcon;
				INFOPLIST_FILE = "PhotoBrowserSample/Supporting Files/Info.plist";
				LD_RUNPATH_SEARCH_PATHS = "$(inherited) @executable_path/Frameworks";
				PRODUCT_NAME = "$(TARGET_NAME)";
			};
			name = Release;
		};
		4655F3081B94350800CE5C50 /* Debug */ = {
			isa = XCBuildConfiguration;
			buildSettings = {
				BUNDLE_LOADER = "$(TEST_HOST)";
				FRAMEWORK_SEARCH_PATHS = (
					"$(SDKROOT)/Developer/Library/Frameworks",
					"$(inherited)",
				);
				GCC_PREPROCESSOR_DEFINITIONS = (
					"DEBUG=1",
					"$(inherited)",
				);
				INFOPLIST_FILE = "PhotoBrowserSampleTests/Supporting Files/Info.plist";
				LD_RUNPATH_SEARCH_PATHS = "$(inherited) @executable_path/Frameworks @loader_path/Frameworks";
				PRODUCT_NAME = "$(TARGET_NAME)";
				TEST_HOST = "$(BUILT_PRODUCTS_DIR)/PhotoBrowserSample.app/PhotoBrowserSample";
			};
			name = Debug;
		};
		4655F3091B94350800CE5C50 /* Release */ = {
			isa = XCBuildConfiguration;
			buildSettings = {
				BUNDLE_LOADER = "$(TEST_HOST)";
				FRAMEWORK_SEARCH_PATHS = (
					"$(SDKROOT)/Developer/Library/Frameworks",
					"$(inherited)",
				);
				INFOPLIST_FILE = "PhotoBrowserSampleTests/Supporting Files/Info.plist";
				LD_RUNPATH_SEARCH_PATHS = "$(inherited) @executable_path/Frameworks @loader_path/Frameworks";
				PRODUCT_NAME = "$(TARGET_NAME)";
				TEST_HOST = "$(BUILT_PRODUCTS_DIR)/PhotoBrowserSample.app/PhotoBrowserSample";
			};
			name = Release;
		};
/* End XCBuildConfiguration section */

/* Begin XCConfigurationList section */
		4655F2BE1B9434D200CE5C50 /* Build configuration list for PBXProject "PhotoBrowser" */ = {
			isa = XCConfigurationList;
			buildConfigurations = (
				4655F2D81B9434D200CE5C50 /* Debug */,
				4655F2D91B9434D200CE5C50 /* Release */,
			);
			defaultConfigurationIsVisible = 0;
			defaultConfigurationName = Release;
		};
		4655F2DA1B9434D200CE5C50 /* Build configuration list for PBXNativeTarget "PhotoBrowser" */ = {
			isa = XCConfigurationList;
			buildConfigurations = (
				4655F2DB1B9434D200CE5C50 /* Debug */,
				4655F2DC1B9434D200CE5C50 /* Release */,
			);
			defaultConfigurationIsVisible = 0;
			defaultConfigurationName = Release;
		};
		4655F2DD1B9434D200CE5C50 /* Build configuration list for PBXNativeTarget "PhotoBrowserTests" */ = {
			isa = XCConfigurationList;
			buildConfigurations = (
				4655F2DE1B9434D200CE5C50 /* Debug */,
				4655F2DF1B9434D200CE5C50 /* Release */,
			);
			defaultConfigurationIsVisible = 0;
			defaultConfigurationName = Release;
		};
		4655F3041B94350800CE5C50 /* Build configuration list for PBXNativeTarget "PhotoBrowserSample" */ = {
			isa = XCConfigurationList;
			buildConfigurations = (
				4655F3051B94350800CE5C50 /* Debug */,
				4655F3061B94350800CE5C50 /* Release */,
			);
			defaultConfigurationIsVisible = 0;
			defaultConfigurationName = Release;
		};
		4655F3071B94350800CE5C50 /* Build configuration list for PBXNativeTarget "PhotoBrowserSampleTests" */ = {
			isa = XCConfigurationList;
			buildConfigurations = (
				4655F3081B94350800CE5C50 /* Debug */,
				4655F3091B94350800CE5C50 /* Release */,
			);
			defaultConfigurationIsVisible = 0;
			defaultConfigurationName = Release;
		};
/* End XCConfigurationList section */
	};
	rootObject = 4655F2BB1B9434D200CE5C50 /* Project object */;
}
